
Microsoft Visual Studio Solution File, Format Version 12.00
# Visual Studio Version 16
VisualStudioVersion = 16.0.30114.105
MinimumVisualStudioVersion = 10.0.40219.1
Project("{9A19103F-16F7-4668-BE54-9A1E7A4F7556}") = "R5T.F0023", "R5T.F0023\R5T.F0023.csproj", "{26C6C615-776B-406A-AFF9-5875B04B6597}"
EndProject
Project("{2150E333-8FDC-42A3-9474-1A3956D46DE8}") = "_Dependencies", "_Dependencies", "{0FC892E8-543A-47FB-9B45-77673DFC123A}"
EndProject
Project("{9A19103F-16F7-4668-BE54-9A1E7A4F7556}") = "R5T.F0007", "..\..\R5T.F0007\source\R5T.F0007\R5T.F0007.csproj", "{A6095A49-E8B2-49C0-A90D-2EC8A045A91F}"
EndProject
Project("{9A19103F-16F7-4668-BE54-9A1E7A4F7556}") = "R5T.F0006", "..\..\R5T.F0006\source\R5T.F0006\R5T.F0006.csproj", "{71BB139C-C64A-4E0A-B4A3-EA59CD31E4EA}"
EndProject
Project("{9A19103F-16F7-4668-BE54-9A1E7A4F7556}") = "R5T.F0021", "..\..\R5T.F0021\source\R5T.F0021\R5T.F0021.csproj", "{D91FD419-ECEA-42D5-97E6-ECC48057FFD7}"
EndProject
Project("{9A19103F-16F7-4668-BE54-9A1E7A4F7556}") = "R5T.F0022", "..\..\R5T.F0022\source\R5T.F0022\R5T.F0022.csproj", "{6241C7B5-D26F-4784-9D44-4B68DB97C6B5}"
EndProject
Project("{9A19103F-16F7-4668-BE54-9A1E7A4F7556}") = "R5T.F0000", "..\..\R5T.F0000\source\R5T.F0000\R5T.F0000.csproj", "{5812FC3C-B5B9-4017-84C1-2D4A59C6D8B3}"
EndProject
Project("{9A19103F-16F7-4668-BE54-9A1E7A4F7556}") = "R5T.T0132", "..\..\R5T.T0132\source\R5T.T0132\R5T.T0132.csproj", "{4C608515-D553-40DB-A388-7F7F4F693E37}"
EndProject
Project("{9A19103F-16F7-4668-BE54-9A1E7A4F7556}") = "R5T.Z0000", "..\..\R5T.Z0000\source\R5T.Z0000\R5T.Z0000.csproj", "{4DC5E1D4-2390-4038-A7AC-C51D71B5CA69}"
EndProject
Project("{9A19103F-16F7-4668-BE54-9A1E7A4F7556}") = "R5T.T0131", "..\..\R5T.T0131\source\R5T.T0131\R5T.T0131.csproj", "{69AB162B-C756-4E0B-BB82-64B3878D11D0}"
EndProject
Project("{9A19103F-16F7-4668-BE54-9A1E7A4F7556}") = "R5T.Y0000", "..\..\R5T.Y0000\source\R5T.Y0000\R5T.Y0000.csproj", "{72600C45-0E34-4465-BE6F-580DDB7CDA6B}"
EndProject
Project("{9A19103F-16F7-4668-BE54-9A1E7A4F7556}") = "R5T.F0003", "..\..\R5T.F0003\source\R5T.F0003\R5T.F0003.csproj", "{97D5061A-C973-46CB-A889-13D558FA22D4}"
EndProject
Project("{9A19103F-16F7-4668-BE54-9A1E7A4F7556}") = "R5T.L0011", "..\..\R5T.L0011\source\R5T.L0011\R5T.L0011.csproj", "{2AC54CCC-C8E4-4E2B-8B54-6504706D2B17}"
EndProject
Project("{9A19103F-16F7-4668-BE54-9A1E7A4F7556}") = "R5T.Magyar", "..\..\R5T.Magyar\source\R5T.Magyar\R5T.Magyar.csproj", "{5646086C-95D5-4CA7-89E9-D5BBD4781DF3}"
EndProject
Project("{9A19103F-16F7-4668-BE54-9A1E7A4F7556}") = "R5T.F0005", "..\..\R5T.F0005\source\R5T.F0005\R5T.F0005.csproj", "{12208C3F-85E3-4EA6-8FEA-230A1A52D017}"
EndProject
Project("{9A19103F-16F7-4668-BE54-9A1E7A4F7556}") = "R5T.X0005", "..\..\R5T.X0005\source\R5T.X0005\R5T.X0005.csproj", "{64A86B99-BD07-4C17-B702-EFB72A760AA7}"
EndProject
Project("{9A19103F-16F7-4668-BE54-9A1E7A4F7556}") = "R5T.F0004", "..\..\R5T.F0004\source\R5T.F0004\R5T.F0004.csproj", "{11A5374E-3D6A-45D8-BF8B-937F66A4BE6B}"
EndProject
Project("{9A19103F-16F7-4668-BE54-9A1E7A4F7556}") = "R5T.T0136", "..\..\R5T.T0136\source\R5T.T0136\R5T.T0136.csproj", "{C2734F9A-C0C7-460F-A0F1-F8C0A5212700}"
EndProject
Project("{9A19103F-16F7-4668-BE54-9A1E7A4F7556}") = "R5T.Z0002", "..\..\R5T.Z0002\source\R5T.Z0002\R5T.Z0002.csproj", "{FA4F267F-7F7C-4DD5-A857-67C07D45DD41}"
EndProject
Project("{9A19103F-16F7-4668-BE54-9A1E7A4F7556}") = "R5T.T0134", "..\..\R5T.T0134\source\R5T.T0134\R5T.T0134.csproj", "{AA84492B-5E6C-4CD9-B786-A8CD87F71250}"
EndProject
Project("{9A19103F-16F7-4668-BE54-9A1E7A4F7556}") = "R5T.T0135", "..\..\R5T.T0135\source\R5T.T0135\R5T.T0135.csproj", "{5FBDB45C-DF84-46CC-9297-8C79D9640862}"
EndProject
Project("{9A19103F-16F7-4668-BE54-9A1E7A4F7556}") = "R5T.X0009", "..\..\R5T.X0009\source\R5T.X0009\R5T.X0009.csproj", "{FF57CBF7-B6B8-40C1-872D-C9FAE825E842}"
EndProject
Project("{9A19103F-16F7-4668-BE54-9A1E7A4F7556}") = "R5T.T0129", "..\..\R5T.T0129\source\R5T.T0129\R5T.T0129.csproj", "{4DE26688-84E5-4AD9-BD3A-DEA4BFCC4326}"
EndProject
Project("{9A19103F-16F7-4668-BE54-9A1E7A4F7556}") = "R5T.T0138", "..\..\R5T.T0138\source\R5T.T0138\R5T.T0138.csproj", "{BF5A3B92-D822-404A-8FDB-3528410EF419}"
EndProject
Global
	GlobalSection(SolutionConfigurationPlatforms) = preSolution
		Debug|Any CPU = Debug|Any CPU
		Debug|x64 = Debug|x64
		Debug|x86 = Debug|x86
		Release|Any CPU = Release|Any CPU
		Release|x64 = Release|x64
		Release|x86 = Release|x86
	EndGlobalSection
	GlobalSection(ProjectConfigurationPlatforms) = postSolution
		{26C6C615-776B-406A-AFF9-5875B04B6597}.Debug|Any CPU.ActiveCfg = Debug|Any CPU
		{26C6C615-776B-406A-AFF9-5875B04B6597}.Debug|Any CPU.Build.0 = Debug|Any CPU
		{26C6C615-776B-406A-AFF9-5875B04B6597}.Debug|x64.ActiveCfg = Debug|Any CPU
		{26C6C615-776B-406A-AFF9-5875B04B6597}.Debug|x64.Build.0 = Debug|Any CPU
		{26C6C615-776B-406A-AFF9-5875B04B6597}.Debug|x86.ActiveCfg = Debug|Any CPU
		{26C6C615-776B-406A-AFF9-5875B04B6597}.Debug|x86.Build.0 = Debug|Any CPU
		{26C6C615-776B-406A-AFF9-5875B04B6597}.Release|Any CPU.ActiveCfg = Release|Any CPU
		{26C6C615-776B-406A-AFF9-5875B04B6597}.Release|Any CPU.Build.0 = Release|Any CPU
		{26C6C615-776B-406A-AFF9-5875B04B6597}.Release|x64.ActiveCfg = Release|Any CPU
		{26C6C615-776B-406A-AFF9-5875B04B6597}.Release|x64.Build.0 = Release|Any CPU
		{26C6C615-776B-406A-AFF9-5875B04B6597}.Release|x86.ActiveCfg = Release|Any CPU
		{26C6C615-776B-406A-AFF9-5875B04B6597}.Release|x86.Build.0 = Release|Any CPU
		{A6095A49-E8B2-49C0-A90D-2EC8A045A91F}.Debug|Any CPU.ActiveCfg = Debug|Any CPU
		{A6095A49-E8B2-49C0-A90D-2EC8A045A91F}.Debug|Any CPU.Build.0 = Debug|Any CPU
		{A6095A49-E8B2-49C0-A90D-2EC8A045A91F}.Debug|x64.ActiveCfg = Debug|Any CPU
		{A6095A49-E8B2-49C0-A90D-2EC8A045A91F}.Debug|x64.Build.0 = Debug|Any CPU
		{A6095A49-E8B2-49C0-A90D-2EC8A045A91F}.Debug|x86.ActiveCfg = Debug|Any CPU
		{A6095A49-E8B2-49C0-A90D-2EC8A045A91F}.Debug|x86.Build.0 = Debug|Any CPU
		{A6095A49-E8B2-49C0-A90D-2EC8A045A91F}.Release|Any CPU.ActiveCfg = Release|Any CPU
		{A6095A49-E8B2-49C0-A90D-2EC8A045A91F}.Release|Any CPU.Build.0 = Release|Any CPU
		{A6095A49-E8B2-49C0-A90D-2EC8A045A91F}.Release|x64.ActiveCfg = Release|Any CPU
		{A6095A49-E8B2-49C0-A90D-2EC8A045A91F}.Release|x64.Build.0 = Release|Any CPU
		{A6095A49-E8B2-49C0-A90D-2EC8A045A91F}.Release|x86.ActiveCfg = Release|Any CPU
		{A6095A49-E8B2-49C0-A90D-2EC8A045A91F}.Release|x86.Build.0 = Release|Any CPU
		{71BB139C-C64A-4E0A-B4A3-EA59CD31E4EA}.Debug|Any CPU.ActiveCfg = Debug|Any CPU
		{71BB139C-C64A-4E0A-B4A3-EA59CD31E4EA}.Debug|Any CPU.Build.0 = Debug|Any CPU
		{71BB139C-C64A-4E0A-B4A3-EA59CD31E4EA}.Debug|x64.ActiveCfg = Debug|Any CPU
		{71BB139C-C64A-4E0A-B4A3-EA59CD31E4EA}.Debug|x64.Build.0 = Debug|Any CPU
		{71BB139C-C64A-4E0A-B4A3-EA59CD31E4EA}.Debug|x86.ActiveCfg = Debug|Any CPU
		{71BB139C-C64A-4E0A-B4A3-EA59CD31E4EA}.Debug|x86.Build.0 = Debug|Any CPU
		{71BB139C-C64A-4E0A-B4A3-EA59CD31E4EA}.Release|Any CPU.ActiveCfg = Release|Any CPU
		{71BB139C-C64A-4E0A-B4A3-EA59CD31E4EA}.Release|Any CPU.Build.0 = Release|Any CPU
		{71BB139C-C64A-4E0A-B4A3-EA59CD31E4EA}.Release|x64.ActiveCfg = Release|Any CPU
		{71BB139C-C64A-4E0A-B4A3-EA59CD31E4EA}.Release|x64.Build.0 = Release|Any CPU
		{71BB139C-C64A-4E0A-B4A3-EA59CD31E4EA}.Release|x86.ActiveCfg = Release|Any CPU
		{71BB139C-C64A-4E0A-B4A3-EA59CD31E4EA}.Release|x86.Build.0 = Release|Any CPU
		{D91FD419-ECEA-42D5-97E6-ECC48057FFD7}.Debug|Any CPU.ActiveCfg = Debug|Any CPU
		{D91FD419-ECEA-42D5-97E6-ECC48057FFD7}.Debug|Any CPU.Build.0 = Debug|Any CPU
		{D91FD419-ECEA-42D5-97E6-ECC48057FFD7}.Debug|x64.ActiveCfg = Debug|Any CPU
		{D91FD419-ECEA-42D5-97E6-ECC48057FFD7}.Debug|x64.Build.0 = Debug|Any CPU
		{D91FD419-ECEA-42D5-97E6-ECC48057FFD7}.Debug|x86.ActiveCfg = Debug|Any CPU
		{D91FD419-ECEA-42D5-97E6-ECC48057FFD7}.Debug|x86.Build.0 = Debug|Any CPU
		{D91FD419-ECEA-42D5-97E6-ECC48057FFD7}.Release|Any CPU.ActiveCfg = Release|Any CPU
		{D91FD419-ECEA-42D5-97E6-ECC48057FFD7}.Release|Any CPU.Build.0 = Release|Any CPU
		{D91FD419-ECEA-42D5-97E6-ECC48057FFD7}.Release|x64.ActiveCfg = Release|Any CPU
		{D91FD419-ECEA-42D5-97E6-ECC48057FFD7}.Release|x64.Build.0 = Release|Any CPU
		{D91FD419-ECEA-42D5-97E6-ECC48057FFD7}.Release|x86.ActiveCfg = Release|Any CPU
		{D91FD419-ECEA-42D5-97E6-ECC48057FFD7}.Release|x86.Build.0 = Release|Any CPU
		{6241C7B5-D26F-4784-9D44-4B68DB97C6B5}.Debug|Any CPU.ActiveCfg = Debug|Any CPU
		{6241C7B5-D26F-4784-9D44-4B68DB97C6B5}.Debug|Any CPU.Build.0 = Debug|Any CPU
		{6241C7B5-D26F-4784-9D44-4B68DB97C6B5}.Debug|x64.ActiveCfg = Debug|Any CPU
		{6241C7B5-D26F-4784-9D44-4B68DB97C6B5}.Debug|x64.Build.0 = Debug|Any CPU
		{6241C7B5-D26F-4784-9D44-4B68DB97C6B5}.Debug|x86.ActiveCfg = Debug|Any CPU
		{6241C7B5-D26F-4784-9D44-4B68DB97C6B5}.Debug|x86.Build.0 = Debug|Any CPU
		{6241C7B5-D26F-4784-9D44-4B68DB97C6B5}.Release|Any CPU.ActiveCfg = Release|Any CPU
		{6241C7B5-D26F-4784-9D44-4B68DB97C6B5}.Release|Any CPU.Build.0 = Release|Any CPU
		{6241C7B5-D26F-4784-9D44-4B68DB97C6B5}.Release|x64.ActiveCfg = Release|Any CPU
		{6241C7B5-D26F-4784-9D44-4B68DB97C6B5}.Release|x64.Build.0 = Release|Any CPU
		{6241C7B5-D26F-4784-9D44-4B68DB97C6B5}.Release|x86.ActiveCfg = Release|Any CPU
		{6241C7B5-D26F-4784-9D44-4B68DB97C6B5}.Release|x86.Build.0 = Release|Any CPU
		{5812FC3C-B5B9-4017-84C1-2D4A59C6D8B3}.Debug|Any CPU.ActiveCfg = Debug|Any CPU
		{5812FC3C-B5B9-4017-84C1-2D4A59C6D8B3}.Debug|Any CPU.Build.0 = Debug|Any CPU
		{5812FC3C-B5B9-4017-84C1-2D4A59C6D8B3}.Debug|x64.ActiveCfg = Debug|Any CPU
		{5812FC3C-B5B9-4017-84C1-2D4A59C6D8B3}.Debug|x64.Build.0 = Debug|Any CPU
		{5812FC3C-B5B9-4017-84C1-2D4A59C6D8B3}.Debug|x86.ActiveCfg = Debug|Any CPU
		{5812FC3C-B5B9-4017-84C1-2D4A59C6D8B3}.Debug|x86.Build.0 = Debug|Any CPU
		{5812FC3C-B5B9-4017-84C1-2D4A59C6D8B3}.Release|Any CPU.ActiveCfg = Release|Any CPU
		{5812FC3C-B5B9-4017-84C1-2D4A59C6D8B3}.Release|Any CPU.Build.0 = Release|Any CPU
		{5812FC3C-B5B9-4017-84C1-2D4A59C6D8B3}.Release|x64.ActiveCfg = Release|Any CPU
		{5812FC3C-B5B9-4017-84C1-2D4A59C6D8B3}.Release|x64.Build.0 = Release|Any CPU
		{5812FC3C-B5B9-4017-84C1-2D4A59C6D8B3}.Release|x86.ActiveCfg = Release|Any CPU
		{5812FC3C-B5B9-4017-84C1-2D4A59C6D8B3}.Release|x86.Build.0 = Release|Any CPU
		{4C608515-D553-40DB-A388-7F7F4F693E37}.Debug|Any CPU.ActiveCfg = Debug|Any CPU
		{4C608515-D553-40DB-A388-7F7F4F693E37}.Debug|Any CPU.Build.0 = Debug|Any CPU
		{4C608515-D553-40DB-A388-7F7F4F693E37}.Debug|x64.ActiveCfg = Debug|Any CPU
		{4C608515-D553-40DB-A388-7F7F4F693E37}.Debug|x64.Build.0 = Debug|Any CPU
		{4C608515-D553-40DB-A388-7F7F4F693E37}.Debug|x86.ActiveCfg = Debug|Any CPU
		{4C608515-D553-40DB-A388-7F7F4F693E37}.Debug|x86.Build.0 = Debug|Any CPU
		{4C608515-D553-40DB-A388-7F7F4F693E37}.Release|Any CPU.ActiveCfg = Release|Any CPU
		{4C608515-D553-40DB-A388-7F7F4F693E37}.Release|Any CPU.Build.0 = Release|Any CPU
		{4C608515-D553-40DB-A388-7F7F4F693E37}.Release|x64.ActiveCfg = Release|Any CPU
		{4C608515-D553-40DB-A388-7F7F4F693E37}.Release|x64.Build.0 = Release|Any CPU
		{4C608515-D553-40DB-A388-7F7F4F693E37}.Release|x86.ActiveCfg = Release|Any CPU
		{4C608515-D553-40DB-A388-7F7F4F693E37}.Release|x86.Build.0 = Release|Any CPU
		{4DC5E1D4-2390-4038-A7AC-C51D71B5CA69}.Debug|Any CPU.ActiveCfg = Debug|Any CPU
		{4DC5E1D4-2390-4038-A7AC-C51D71B5CA69}.Debug|Any CPU.Build.0 = Debug|Any CPU
		{4DC5E1D4-2390-4038-A7AC-C51D71B5CA69}.Debug|x64.ActiveCfg = Debug|Any CPU
		{4DC5E1D4-2390-4038-A7AC-C51D71B5CA69}.Debug|x64.Build.0 = Debug|Any CPU
		{4DC5E1D4-2390-4038-A7AC-C51D71B5CA69}.Debug|x86.ActiveCfg = Debug|Any CPU
		{4DC5E1D4-2390-4038-A7AC-C51D71B5CA69}.Debug|x86.Build.0 = Debug|Any CPU
		{4DC5E1D4-2390-4038-A7AC-C51D71B5CA69}.Release|Any CPU.ActiveCfg = Release|Any CPU
		{4DC5E1D4-2390-4038-A7AC-C51D71B5CA69}.Release|Any CPU.Build.0 = Release|Any CPU
		{4DC5E1D4-2390-4038-A7AC-C51D71B5CA69}.Release|x64.ActiveCfg = Release|Any CPU
		{4DC5E1D4-2390-4038-A7AC-C51D71B5CA69}.Release|x64.Build.0 = Release|Any CPU
		{4DC5E1D4-2390-4038-A7AC-C51D71B5CA69}.Release|x86.ActiveCfg = Release|Any CPU
		{4DC5E1D4-2390-4038-A7AC-C51D71B5CA69}.Release|x86.Build.0 = Release|Any CPU
		{69AB162B-C756-4E0B-BB82-64B3878D11D0}.Debug|Any CPU.ActiveCfg = Debug|Any CPU
		{69AB162B-C756-4E0B-BB82-64B3878D11D0}.Debug|Any CPU.Build.0 = Debug|Any CPU
		{69AB162B-C756-4E0B-BB82-64B3878D11D0}.Debug|x64.ActiveCfg = Debug|Any CPU
		{69AB162B-C756-4E0B-BB82-64B3878D11D0}.Debug|x64.Build.0 = Debug|Any CPU
		{69AB162B-C756-4E0B-BB82-64B3878D11D0}.Debug|x86.ActiveCfg = Debug|Any CPU
		{69AB162B-C756-4E0B-BB82-64B3878D11D0}.Debug|x86.Build.0 = Debug|Any CPU
		{69AB162B-C756-4E0B-BB82-64B3878D11D0}.Release|Any CPU.ActiveCfg = Release|Any CPU
		{69AB162B-C756-4E0B-BB82-64B3878D11D0}.Release|Any CPU.Build.0 = Release|Any CPU
		{69AB162B-C756-4E0B-BB82-64B3878D11D0}.Release|x64.ActiveCfg = Release|Any CPU
		{69AB162B-C756-4E0B-BB82-64B3878D11D0}.Release|x64.Build.0 = Release|Any CPU
		{69AB162B-C756-4E0B-BB82-64B3878D11D0}.Release|x86.ActiveCfg = Release|Any CPU
		{69AB162B-C756-4E0B-BB82-64B3878D11D0}.Release|x86.Build.0 = Release|Any CPU
		{72600C45-0E34-4465-BE6F-580DDB7CDA6B}.Debug|Any CPU.ActiveCfg = Debug|Any CPU
		{72600C45-0E34-4465-BE6F-580DDB7CDA6B}.Debug|Any CPU.Build.0 = Debug|Any CPU
		{72600C45-0E34-4465-BE6F-580DDB7CDA6B}.Debug|x64.ActiveCfg = Debug|Any CPU
		{72600C45-0E34-4465-BE6F-580DDB7CDA6B}.Debug|x64.Build.0 = Debug|Any CPU
		{72600C45-0E34-4465-BE6F-580DDB7CDA6B}.Debug|x86.ActiveCfg = Debug|Any CPU
		{72600C45-0E34-4465-BE6F-580DDB7CDA6B}.Debug|x86.Build.0 = Debug|Any CPU
		{72600C45-0E34-4465-BE6F-580DDB7CDA6B}.Release|Any CPU.ActiveCfg = Release|Any CPU
		{72600C45-0E34-4465-BE6F-580DDB7CDA6B}.Release|Any CPU.Build.0 = Release|Any CPU
		{72600C45-0E34-4465-BE6F-580DDB7CDA6B}.Release|x64.ActiveCfg = Release|Any CPU
		{72600C45-0E34-4465-BE6F-580DDB7CDA6B}.Release|x64.Build.0 = Release|Any CPU
		{72600C45-0E34-4465-BE6F-580DDB7CDA6B}.Release|x86.ActiveCfg = Release|Any CPU
		{72600C45-0E34-4465-BE6F-580DDB7CDA6B}.Release|x86.Build.0 = Release|Any CPU
		{97D5061A-C973-46CB-A889-13D558FA22D4}.Debug|Any CPU.ActiveCfg = Debug|Any CPU
		{97D5061A-C973-46CB-A889-13D558FA22D4}.Debug|Any CPU.Build.0 = Debug|Any CPU
		{97D5061A-C973-46CB-A889-13D558FA22D4}.Debug|x64.ActiveCfg = Debug|Any CPU
		{97D5061A-C973-46CB-A889-13D558FA22D4}.Debug|x64.Build.0 = Debug|Any CPU
		{97D5061A-C973-46CB-A889-13D558FA22D4}.Debug|x86.ActiveCfg = Debug|Any CPU
		{97D5061A-C973-46CB-A889-13D558FA22D4}.Debug|x86.Build.0 = Debug|Any CPU
		{97D5061A-C973-46CB-A889-13D558FA22D4}.Release|Any CPU.ActiveCfg = Release|Any CPU
		{97D5061A-C973-46CB-A889-13D558FA22D4}.Release|Any CPU.Build.0 = Release|Any CPU
		{97D5061A-C973-46CB-A889-13D558FA22D4}.Release|x64.ActiveCfg = Release|Any CPU
		{97D5061A-C973-46CB-A889-13D558FA22D4}.Release|x64.Build.0 = Release|Any CPU
		{97D5061A-C973-46CB-A889-13D558FA22D4}.Release|x86.ActiveCfg = Release|Any CPU
		{97D5061A-C973-46CB-A889-13D558FA22D4}.Release|x86.Build.0 = Release|Any CPU
		{2AC54CCC-C8E4-4E2B-8B54-6504706D2B17}.Debug|Any CPU.ActiveCfg = Debug|Any CPU
		{2AC54CCC-C8E4-4E2B-8B54-6504706D2B17}.Debug|Any CPU.Build.0 = Debug|Any CPU
		{2AC54CCC-C8E4-4E2B-8B54-6504706D2B17}.Debug|x64.ActiveCfg = Debug|Any CPU
		{2AC54CCC-C8E4-4E2B-8B54-6504706D2B17}.Debug|x64.Build.0 = Debug|Any CPU
		{2AC54CCC-C8E4-4E2B-8B54-6504706D2B17}.Debug|x86.ActiveCfg = Debug|Any CPU
		{2AC54CCC-C8E4-4E2B-8B54-6504706D2B17}.Debug|x86.Build.0 = Debug|Any CPU
		{2AC54CCC-C8E4-4E2B-8B54-6504706D2B17}.Release|Any CPU.ActiveCfg = Release|Any CPU
		{2AC54CCC-C8E4-4E2B-8B54-6504706D2B17}.Release|Any CPU.Build.0 = Release|Any CPU
		{2AC54CCC-C8E4-4E2B-8B54-6504706D2B17}.Release|x64.ActiveCfg = Release|Any CPU
		{2AC54CCC-C8E4-4E2B-8B54-6504706D2B17}.Release|x64.Build.0 = Release|Any CPU
		{2AC54CCC-C8E4-4E2B-8B54-6504706D2B17}.Release|x86.ActiveCfg = Release|Any CPU
		{2AC54CCC-C8E4-4E2B-8B54-6504706D2B17}.Release|x86.Build.0 = Release|Any CPU
		{5646086C-95D5-4CA7-89E9-D5BBD4781DF3}.Debug|Any CPU.ActiveCfg = Debug|Any CPU
		{5646086C-95D5-4CA7-89E9-D5BBD4781DF3}.Debug|Any CPU.Build.0 = Debug|Any CPU
		{5646086C-95D5-4CA7-89E9-D5BBD4781DF3}.Debug|x64.ActiveCfg = Debug|Any CPU
		{5646086C-95D5-4CA7-89E9-D5BBD4781DF3}.Debug|x64.Build.0 = Debug|Any CPU
		{5646086C-95D5-4CA7-89E9-D5BBD4781DF3}.Debug|x86.ActiveCfg = Debug|Any CPU
		{5646086C-95D5-4CA7-89E9-D5BBD4781DF3}.Debug|x86.Build.0 = Debug|Any CPU
		{5646086C-95D5-4CA7-89E9-D5BBD4781DF3}.Release|Any CPU.ActiveCfg = Release|Any CPU
		{5646086C-95D5-4CA7-89E9-D5BBD4781DF3}.Release|Any CPU.Build.0 = Release|Any CPU
		{5646086C-95D5-4CA7-89E9-D5BBD4781DF3}.Release|x64.ActiveCfg = Release|Any CPU
		{5646086C-95D5-4CA7-89E9-D5BBD4781DF3}.Release|x64.Build.0 = Release|Any CPU
		{5646086C-95D5-4CA7-89E9-D5BBD4781DF3}.Release|x86.ActiveCfg = Release|Any CPU
		{5646086C-95D5-4CA7-89E9-D5BBD4781DF3}.Release|x86.Build.0 = Release|Any CPU
		{12208C3F-85E3-4EA6-8FEA-230A1A52D017}.Debug|Any CPU.ActiveCfg = Debug|Any CPU
		{12208C3F-85E3-4EA6-8FEA-230A1A52D017}.Debug|Any CPU.Build.0 = Debug|Any CPU
		{12208C3F-85E3-4EA6-8FEA-230A1A52D017}.Debug|x64.ActiveCfg = Debug|Any CPU
		{12208C3F-85E3-4EA6-8FEA-230A1A52D017}.Debug|x64.Build.0 = Debug|Any CPU
		{12208C3F-85E3-4EA6-8FEA-230A1A52D017}.Debug|x86.ActiveCfg = Debug|Any CPU
		{12208C3F-85E3-4EA6-8FEA-230A1A52D017}.Debug|x86.Build.0 = Debug|Any CPU
		{12208C3F-85E3-4EA6-8FEA-230A1A52D017}.Release|Any CPU.ActiveCfg = Release|Any CPU
		{12208C3F-85E3-4EA6-8FEA-230A1A52D017}.Release|Any CPU.Build.0 = Release|Any CPU
		{12208C3F-85E3-4EA6-8FEA-230A1A52D017}.Release|x64.ActiveCfg = Release|Any CPU
		{12208C3F-85E3-4EA6-8FEA-230A1A52D017}.Release|x64.Build.0 = Release|Any CPU
		{12208C3F-85E3-4EA6-8FEA-230A1A52D017}.Release|x86.ActiveCfg = Release|Any CPU
		{12208C3F-85E3-4EA6-8FEA-230A1A52D017}.Release|x86.Build.0 = Release|Any CPU
		{64A86B99-BD07-4C17-B702-EFB72A760AA7}.Debug|Any CPU.ActiveCfg = Debug|Any CPU
		{64A86B99-BD07-4C17-B702-EFB72A760AA7}.Debug|Any CPU.Build.0 = Debug|Any CPU
		{64A86B99-BD07-4C17-B702-EFB72A760AA7}.Debug|x64.ActiveCfg = Debug|Any CPU
		{64A86B99-BD07-4C17-B702-EFB72A760AA7}.Debug|x64.Build.0 = Debug|Any CPU
		{64A86B99-BD07-4C17-B702-EFB72A760AA7}.Debug|x86.ActiveCfg = Debug|Any CPU
		{64A86B99-BD07-4C17-B702-EFB72A760AA7}.Debug|x86.Build.0 = Debug|Any CPU
		{64A86B99-BD07-4C17-B702-EFB72A760AA7}.Release|Any CPU.ActiveCfg = Release|Any CPU
		{64A86B99-BD07-4C17-B702-EFB72A760AA7}.Release|Any CPU.Build.0 = Release|Any CPU
		{64A86B99-BD07-4C17-B702-EFB72A760AA7}.Release|x64.ActiveCfg = Release|Any CPU
		{64A86B99-BD07-4C17-B702-EFB72A760AA7}.Release|x64.Build.0 = Release|Any CPU
		{64A86B99-BD07-4C17-B702-EFB72A760AA7}.Release|x86.ActiveCfg = Release|Any CPU
		{64A86B99-BD07-4C17-B702-EFB72A760AA7}.Release|x86.Build.0 = Release|Any CPU
		{11A5374E-3D6A-45D8-BF8B-937F66A4BE6B}.Debug|Any CPU.ActiveCfg = Debug|Any CPU
		{11A5374E-3D6A-45D8-BF8B-937F66A4BE6B}.Debug|Any CPU.Build.0 = Debug|Any CPU
		{11A5374E-3D6A-45D8-BF8B-937F66A4BE6B}.Debug|x64.ActiveCfg = Debug|Any CPU
		{11A5374E-3D6A-45D8-BF8B-937F66A4BE6B}.Debug|x64.Build.0 = Debug|Any CPU
		{11A5374E-3D6A-45D8-BF8B-937F66A4BE6B}.Debug|x86.ActiveCfg = Debug|Any CPU
		{11A5374E-3D6A-45D8-BF8B-937F66A4BE6B}.Debug|x86.Build.0 = Debug|Any CPU
		{11A5374E-3D6A-45D8-BF8B-937F66A4BE6B}.Release|Any CPU.ActiveCfg = Release|Any CPU
		{11A5374E-3D6A-45D8-BF8B-937F66A4BE6B}.Release|Any CPU.Build.0 = Release|Any CPU
		{11A5374E-3D6A-45D8-BF8B-937F66A4BE6B}.Release|x64.ActiveCfg = Release|Any CPU
		{11A5374E-3D6A-45D8-BF8B-937F66A4BE6B}.Release|x64.Build.0 = Release|Any CPU
		{11A5374E-3D6A-45D8-BF8B-937F66A4BE6B}.Release|x86.ActiveCfg = Release|Any CPU
		{11A5374E-3D6A-45D8-BF8B-937F66A4BE6B}.Release|x86.Build.0 = Release|Any CPU
		{C2734F9A-C0C7-460F-A0F1-F8C0A5212700}.Debug|Any CPU.ActiveCfg = Debug|Any CPU
		{C2734F9A-C0C7-460F-A0F1-F8C0A5212700}.Debug|Any CPU.Build.0 = Debug|Any CPU
		{C2734F9A-C0C7-460F-A0F1-F8C0A5212700}.Debug|x64.ActiveCfg = Debug|Any CPU
		{C2734F9A-C0C7-460F-A0F1-F8C0A5212700}.Debug|x64.Build.0 = Debug|Any CPU
		{C2734F9A-C0C7-460F-A0F1-F8C0A5212700}.Debug|x86.ActiveCfg = Debug|Any CPU
		{C2734F9A-C0C7-460F-A0F1-F8C0A5212700}.Debug|x86.Build.0 = Debug|Any CPU
		{C2734F9A-C0C7-460F-A0F1-F8C0A5212700}.Release|Any CPU.ActiveCfg = Release|Any CPU
		{C2734F9A-C0C7-460F-A0F1-F8C0A5212700}.Release|Any CPU.Build.0 = Release|Any CPU
		{C2734F9A-C0C7-460F-A0F1-F8C0A5212700}.Release|x64.ActiveCfg = Release|Any CPU
		{C2734F9A-C0C7-460F-A0F1-F8C0A5212700}.Release|x64.Build.0 = Release|Any CPU
		{C2734F9A-C0C7-460F-A0F1-F8C0A5212700}.Release|x86.ActiveCfg = Release|Any CPU
		{C2734F9A-C0C7-460F-A0F1-F8C0A5212700}.Release|x86.Build.0 = Release|Any CPU
		{FA4F267F-7F7C-4DD5-A857-67C07D45DD41}.Debug|Any CPU.ActiveCfg = Debug|Any CPU
		{FA4F267F-7F7C-4DD5-A857-67C07D45DD41}.Debug|Any CPU.Build.0 = Debug|Any CPU
		{FA4F267F-7F7C-4DD5-A857-67C07D45DD41}.Debug|x64.ActiveCfg = Debug|Any CPU
		{FA4F267F-7F7C-4DD5-A857-67C07D45DD41}.Debug|x64.Build.0 = Debug|Any CPU
		{FA4F267F-7F7C-4DD5-A857-67C07D45DD41}.Debug|x86.ActiveCfg = Debug|Any CPU
		{FA4F267F-7F7C-4DD5-A857-67C07D45DD41}.Debug|x86.Build.0 = Debug|Any CPU
		{FA4F267F-7F7C-4DD5-A857-67C07D45DD41}.Release|Any CPU.ActiveCfg = Release|Any CPU
		{FA4F267F-7F7C-4DD5-A857-67C07D45DD41}.Release|Any CPU.Build.0 = Release|Any CPU
		{FA4F267F-7F7C-4DD5-A857-67C07D45DD41}.Release|x64.ActiveCfg = Release|Any CPU
		{FA4F267F-7F7C-4DD5-A857-67C07D45DD41}.Release|x64.Build.0 = Release|Any CPU
		{FA4F267F-7F7C-4DD5-A857-67C07D45DD41}.Release|x86.ActiveCfg = Release|Any CPU
		{FA4F267F-7F7C-4DD5-A857-67C07D45DD41}.Release|x86.Build.0 = Release|Any CPU
		{AA84492B-5E6C-4CD9-B786-A8CD87F71250}.Debug|Any CPU.ActiveCfg = Debug|Any CPU
		{AA84492B-5E6C-4CD9-B786-A8CD87F71250}.Debug|Any CPU.Build.0 = Debug|Any CPU
		{AA84492B-5E6C-4CD9-B786-A8CD87F71250}.Debug|x64.ActiveCfg = Debug|Any CPU
		{AA84492B-5E6C-4CD9-B786-A8CD87F71250}.Debug|x64.Build.0 = Debug|Any CPU
		{AA84492B-5E6C-4CD9-B786-A8CD87F71250}.Debug|x86.ActiveCfg = Debug|Any CPU
		{AA84492B-5E6C-4CD9-B786-A8CD87F71250}.Debug|x86.Build.0 = Debug|Any CPU
		{AA84492B-5E6C-4CD9-B786-A8CD87F71250}.Release|Any CPU.ActiveCfg = Release|Any CPU
		{AA84492B-5E6C-4CD9-B786-A8CD87F71250}.Release|Any CPU.Build.0 = Release|Any CPU
		{AA84492B-5E6C-4CD9-B786-A8CD87F71250}.Release|x64.ActiveCfg = Release|Any CPU
		{AA84492B-5E6C-4CD9-B786-A8CD87F71250}.Release|x64.Build.0 = Release|Any CPU
		{AA84492B-5E6C-4CD9-B786-A8CD87F71250}.Release|x86.ActiveCfg = Release|Any CPU
		{AA84492B-5E6C-4CD9-B786-A8CD87F71250}.Release|x86.Build.0 = Release|Any CPU
		{5FBDB45C-DF84-46CC-9297-8C79D9640862}.Debug|Any CPU.ActiveCfg = Debug|Any CPU
		{5FBDB45C-DF84-46CC-9297-8C79D9640862}.Debug|Any CPU.Build.0 = Debug|Any CPU
		{5FBDB45C-DF84-46CC-9297-8C79D9640862}.Debug|x64.ActiveCfg = Debug|Any CPU
		{5FBDB45C-DF84-46CC-9297-8C79D9640862}.Debug|x64.Build.0 = Debug|Any CPU
		{5FBDB45C-DF84-46CC-9297-8C79D9640862}.Debug|x86.ActiveCfg = Debug|Any CPU
		{5FBDB45C-DF84-46CC-9297-8C79D9640862}.Debug|x86.Build.0 = Debug|Any CPU
		{5FBDB45C-DF84-46CC-9297-8C79D9640862}.Release|Any CPU.ActiveCfg = Release|Any CPU
		{5FBDB45C-DF84-46CC-9297-8C79D9640862}.Release|Any CPU.Build.0 = Release|Any CPU
		{5FBDB45C-DF84-46CC-9297-8C79D9640862}.Release|x64.ActiveCfg = Release|Any CPU
		{5FBDB45C-DF84-46CC-9297-8C79D9640862}.Release|x64.Build.0 = Release|Any CPU
		{5FBDB45C-DF84-46CC-9297-8C79D9640862}.Release|x86.ActiveCfg = Release|Any CPU
		{5FBDB45C-DF84-46CC-9297-8C79D9640862}.Release|x86.Build.0 = Release|Any CPU
		{FF57CBF7-B6B8-40C1-872D-C9FAE825E842}.Debug|Any CPU.ActiveCfg = Debug|Any CPU
		{FF57CBF7-B6B8-40C1-872D-C9FAE825E842}.Debug|Any CPU.Build.0 = Debug|Any CPU
		{FF57CBF7-B6B8-40C1-872D-C9FAE825E842}.Debug|x64.ActiveCfg = Debug|Any CPU
		{FF57CBF7-B6B8-40C1-872D-C9FAE825E842}.Debug|x64.Build.0 = Debug|Any CPU
		{FF57CBF7-B6B8-40C1-872D-C9FAE825E842}.Debug|x86.ActiveCfg = Debug|Any CPU
		{FF57CBF7-B6B8-40C1-872D-C9FAE825E842}.Debug|x86.Build.0 = Debug|Any CPU
		{FF57CBF7-B6B8-40C1-872D-C9FAE825E842}.Release|Any CPU.ActiveCfg = Release|Any CPU
		{FF57CBF7-B6B8-40C1-872D-C9FAE825E842}.Release|Any CPU.Build.0 = Release|Any CPU
		{FF57CBF7-B6B8-40C1-872D-C9FAE825E842}.Release|x64.ActiveCfg = Release|Any CPU
		{FF57CBF7-B6B8-40C1-872D-C9FAE825E842}.Release|x64.Build.0 = Release|Any CPU
		{FF57CBF7-B6B8-40C1-872D-C9FAE825E842}.Release|x86.ActiveCfg = Release|Any CPU
		{FF57CBF7-B6B8-40C1-872D-C9FAE825E842}.Release|x86.Build.0 = Release|Any CPU
		{4DE26688-84E5-4AD9-BD3A-DEA4BFCC4326}.Debug|Any CPU.ActiveCfg = Debug|Any CPU
		{4DE26688-84E5-4AD9-BD3A-DEA4BFCC4326}.Debug|Any CPU.Build.0 = Debug|Any CPU
		{4DE26688-84E5-4AD9-BD3A-DEA4BFCC4326}.Debug|x64.ActiveCfg = Debug|Any CPU
		{4DE26688-84E5-4AD9-BD3A-DEA4BFCC4326}.Debug|x64.Build.0 = Debug|Any CPU
		{4DE26688-84E5-4AD9-BD3A-DEA4BFCC4326}.Debug|x86.ActiveCfg = Debug|Any CPU
		{4DE26688-84E5-4AD9-BD3A-DEA4BFCC4326}.Debug|x86.Build.0 = Debug|Any CPU
		{4DE26688-84E5-4AD9-BD3A-DEA4BFCC4326}.Release|Any CPU.ActiveCfg = Release|Any CPU
		{4DE26688-84E5-4AD9-BD3A-DEA4BFCC4326}.Release|Any CPU.Build.0 = Release|Any CPU
		{4DE26688-84E5-4AD9-BD3A-DEA4BFCC4326}.Release|x64.ActiveCfg = Release|Any CPU
		{4DE26688-84E5-4AD9-BD3A-DEA4BFCC4326}.Release|x64.Build.0 = Release|Any CPU
		{4DE26688-84E5-4AD9-BD3A-DEA4BFCC4326}.Release|x86.ActiveCfg = Release|Any CPU
		{4DE26688-84E5-4AD9-BD3A-DEA4BFCC4326}.Release|x86.Build.0 = Release|Any CPU
		{BF5A3B92-D822-404A-8FDB-3528410EF419}.Debug|Any CPU.ActiveCfg = Debug|Any CPU
		{BF5A3B92-D822-404A-8FDB-3528410EF419}.Debug|Any CPU.Build.0 = Debug|Any CPU
		{BF5A3B92-D822-404A-8FDB-3528410EF419}.Debug|x64.ActiveCfg = Debug|Any CPU
		{BF5A3B92-D822-404A-8FDB-3528410EF419}.Debug|x64.Build.0 = Debug|Any CPU
		{BF5A3B92-D822-404A-8FDB-3528410EF419}.Debug|x86.ActiveCfg = Debug|Any CPU
		{BF5A3B92-D822-404A-8FDB-3528410EF419}.Debug|x86.Build.0 = Debug|Any CPU
		{BF5A3B92-D822-404A-8FDB-3528410EF419}.Release|Any CPU.ActiveCfg = Release|Any CPU
		{BF5A3B92-D822-404A-8FDB-3528410EF419}.Release|Any CPU.Build.0 = Release|Any CPU
		{BF5A3B92-D822-404A-8FDB-3528410EF419}.Release|x64.ActiveCfg = Release|Any CPU
		{BF5A3B92-D822-404A-8FDB-3528410EF419}.Release|x64.Build.0 = Release|Any CPU
		{BF5A3B92-D822-404A-8FDB-3528410EF419}.Release|x86.ActiveCfg = Release|Any CPU
		{BF5A3B92-D822-404A-8FDB-3528410EF419}.Release|x86.Build.0 = Release|Any CPU
	EndGlobalSection
	GlobalSection(SolutionProperties) = preSolution
		HideSolutionNode = FALSE
	EndGlobalSection
	GlobalSection(NestedProjects) = preSolution
		{A6095A49-E8B2-49C0-A90D-2EC8A045A91F} = {0FC892E8-543A-47FB-9B45-77673DFC123A}
		{71BB139C-C64A-4E0A-B4A3-EA59CD31E4EA} = {0FC892E8-543A-47FB-9B45-77673DFC123A}
		{D91FD419-ECEA-42D5-97E6-ECC48057FFD7} = {0FC892E8-543A-47FB-9B45-77673DFC123A}
		{6241C7B5-D26F-4784-9D44-4B68DB97C6B5} = {0FC892E8-543A-47FB-9B45-77673DFC123A}
		{5812FC3C-B5B9-4017-84C1-2D4A59C6D8B3} = {0FC892E8-543A-47FB-9B45-77673DFC123A}
		{4C608515-D553-40DB-A388-7F7F4F693E37} = {0FC892E8-543A-47FB-9B45-77673DFC123A}
		{4DC5E1D4-2390-4038-A7AC-C51D71B5CA69} = {0FC892E8-543A-47FB-9B45-77673DFC123A}
		{69AB162B-C756-4E0B-BB82-64B3878D11D0} = {0FC892E8-543A-47FB-9B45-77673DFC123A}
		{72600C45-0E34-4465-BE6F-580DDB7CDA6B} = {0FC892E8-543A-47FB-9B45-77673DFC123A}
		{97D5061A-C973-46CB-A889-13D558FA22D4} = {0FC892E8-543A-47FB-9B45-77673DFC123A}
		{2AC54CCC-C8E4-4E2B-8B54-6504706D2B17} = {0FC892E8-543A-47FB-9B45-77673DFC123A}
		{5646086C-95D5-4CA7-89E9-D5BBD4781DF3} = {0FC892E8-543A-47FB-9B45-77673DFC123A}
		{12208C3F-85E3-4EA6-8FEA-230A1A52D017} = {0FC892E8-543A-47FB-9B45-77673DFC123A}
		{64A86B99-BD07-4C17-B702-EFB72A760AA7} = {0FC892E8-543A-47FB-9B45-77673DFC123A}
		{11A5374E-3D6A-45D8-BF8B-937F66A4BE6B} = {0FC892E8-543A-47FB-9B45-77673DFC123A}
		{C2734F9A-C0C7-460F-A0F1-F8C0A5212700} = {0FC892E8-543A-47FB-9B45-77673DFC123A}
		{FA4F267F-7F7C-4DD5-A857-67C07D45DD41} = {0FC892E8-543A-47FB-9B45-77673DFC123A}
		{AA84492B-5E6C-4CD9-B786-A8CD87F71250} = {0FC892E8-543A-47FB-9B45-77673DFC123A}
		{5FBDB45C-DF84-46CC-9297-8C79D9640862} = {0FC892E8-543A-47FB-9B45-77673DFC123A}
		{FF57CBF7-B6B8-40C1-872D-C9FAE825E842} = {0FC892E8-543A-47FB-9B45-77673DFC123A}
		{4DE26688-84E5-4AD9-BD3A-DEA4BFCC4326} = {0FC892E8-543A-47FB-9B45-77673DFC123A}
		{BF5A3B92-D822-404A-8FDB-3528410EF419} = {0FC892E8-543A-47FB-9B45-77673DFC123A}
	EndGlobalSection
	GlobalSection(ExtensibilityGlobals) = postSolution
		SolutionGuid = {9D4D0A77-6B1F-4BCE-899E-755E1623BA71}
	EndGlobalSection
EndGlobal
