
Microsoft Visual Studio Solution File, Format Version 12.00
# Visual Studio Version 16
VisualStudioVersion = 16.0.30114.105
MinimumVisualStudioVersion = 10.0.40219.1
Project("{FAE04EC0-301F-11D3-BF4B-00C04F79EFBC}") = "R5T.F0023.Construction", "R5T.F0023.Construction\R5T.F0023.Construction.csproj", "{20A5BF47-50FE-4C3B-A361-90C4676E7246}"
EndProject
Project("{FAE04EC0-301F-11D3-BF4B-00C04F79EFBC}") = "R5T.F0023", "R5T.F0023\R5T.F0023.csproj", "{0C601726-8BD6-4169-B66F-BB5E028EFDEB}"
EndProject
Project("{2150E333-8FDC-42A3-9474-1A3956D46DE8}") = "_Dependencies", "_Dependencies", "{1B538132-E782-42FF-BC73-04DB9E9CFA8E}"
EndProject
Project("{9A19103F-16F7-4668-BE54-9A1E7A4F7556}") = "R5T.F0000", "..\..\R5T.F0000\source\R5T.F0000\R5T.F0000.csproj", "{755D0194-80F9-4D20-BE64-2BA7228E3F10}"
EndProject
Project("{9A19103F-16F7-4668-BE54-9A1E7A4F7556}") = "R5T.F0003", "..\..\R5T.F0003\source\R5T.F0003\R5T.F0003.csproj", "{E0CD6113-2D20-4B04-8CE1-7FE0E24EBC75}"
EndProject
Project("{9A19103F-16F7-4668-BE54-9A1E7A4F7556}") = "R5T.F0004", "..\..\R5T.F0004\source\R5T.F0004\R5T.F0004.csproj", "{A4278A28-CEEA-4325-AE92-69BDED66B880}"
EndProject
Project("{9A19103F-16F7-4668-BE54-9A1E7A4F7556}") = "R5T.F0005", "..\..\R5T.F0005\source\R5T.F0005\R5T.F0005.csproj", "{3BF36F74-746C-4125-B17A-4DB02619DA00}"
EndProject
Project("{9A19103F-16F7-4668-BE54-9A1E7A4F7556}") = "R5T.F0006", "..\..\R5T.F0006\source\R5T.F0006\R5T.F0006.csproj", "{C7111E6F-20F0-4027-816E-B3F63AF1226F}"
EndProject
Project("{9A19103F-16F7-4668-BE54-9A1E7A4F7556}") = "R5T.F0007", "..\..\R5T.F0007\source\R5T.F0007\R5T.F0007.csproj", "{83C9E5BE-4EB1-46BE-A6F6-337B5DAFC819}"
EndProject
Project("{9A19103F-16F7-4668-BE54-9A1E7A4F7556}") = "R5T.F0021", "..\..\R5T.F0021\source\R5T.F0021\R5T.F0021.csproj", "{F3A4163E-A9E1-49E0-AE33-8218CA5D9D0F}"
EndProject
Project("{9A19103F-16F7-4668-BE54-9A1E7A4F7556}") = "R5T.F0022", "..\..\R5T.F0022\source\R5T.F0022\R5T.F0022.csproj", "{DDAD8151-07C9-4F7D-BE0F-2654E5935FD3}"
EndProject
Project("{9A19103F-16F7-4668-BE54-9A1E7A4F7556}") = "R5T.L0011", "..\..\R5T.L0011\source\R5T.L0011\R5T.L0011.csproj", "{DBD629F7-DDBC-465D-BFC7-7F2618B3A8DB}"
EndProject
Project("{9A19103F-16F7-4668-BE54-9A1E7A4F7556}") = "R5T.L0053", "..\..\R5T.L0053\source\R5T.L0053\R5T.L0053.csproj", "{07B600CF-AB0B-410A-87DF-3A1CE540D7EE}"
EndProject
Project("{9A19103F-16F7-4668-BE54-9A1E7A4F7556}") = "R5T.L0066", "..\..\R5T.L0066\source\R5T.L0066\R5T.L0066.csproj", "{E7F5B592-9E4E-4A45-B658-21FDA2B1806B}"
EndProject
Project("{9A19103F-16F7-4668-BE54-9A1E7A4F7556}") = "R5T.Magyar", "..\..\R5T.Magyar\source\R5T.Magyar\R5T.Magyar.csproj", "{F2E2BD02-A8FC-4135-9AB6-2D784C532D90}"
EndProject
Project("{9A19103F-16F7-4668-BE54-9A1E7A4F7556}") = "R5T.T0129", "..\..\R5T.T0129\source\R5T.T0129\R5T.T0129.csproj", "{DAED383C-C657-44A9-824C-66FA07A3EEA6}"
EndProject
Project("{9A19103F-16F7-4668-BE54-9A1E7A4F7556}") = "R5T.T0131", "..\..\R5T.T0131\source\R5T.T0131\R5T.T0131.csproj", "{D5BAF1F5-E7F8-4554-98B5-59B896EB10D6}"
EndProject
Project("{9A19103F-16F7-4668-BE54-9A1E7A4F7556}") = "R5T.T0132", "..\..\R5T.T0132\source\R5T.T0132\R5T.T0132.csproj", "{2902D7CE-6573-4FE6-B70F-B590C5014A05}"
EndProject
Project("{9A19103F-16F7-4668-BE54-9A1E7A4F7556}") = "R5T.T0134", "..\..\R5T.T0134\source\R5T.T0134\R5T.T0134.csproj", "{E9B48512-CCE1-468A-9969-6303D2AD1344}"
EndProject
Project("{9A19103F-16F7-4668-BE54-9A1E7A4F7556}") = "R5T.T0135", "..\..\R5T.T0135\source\R5T.T0135\R5T.T0135.csproj", "{7044B902-D35E-41C8-9CC9-B148C6A30204}"
EndProject
Project("{9A19103F-16F7-4668-BE54-9A1E7A4F7556}") = "R5T.T0136", "..\..\R5T.T0136\source\R5T.T0136\R5T.T0136.csproj", "{5ABCACB1-CD39-4D42-93F7-26E927818BB8}"
EndProject
Project("{9A19103F-16F7-4668-BE54-9A1E7A4F7556}") = "R5T.T0138", "..\..\R5T.T0138\source\R5T.T0138\R5T.T0138.csproj", "{27353E78-9039-4789-BF54-01C6BB97AD9A}"
EndProject
Project("{9A19103F-16F7-4668-BE54-9A1E7A4F7556}") = "R5T.T0142", "..\..\R5T.T0142\source\R5T.T0142\R5T.T0142.csproj", "{C4AE546D-1CE8-47D3-85C0-30D17FCA92C8}"
EndProject
Project("{9A19103F-16F7-4668-BE54-9A1E7A4F7556}") = "R5T.T0143", "..\..\R5T.T0143\source\R5T.T0143\R5T.T0143.csproj", "{4C4BDF96-A71C-4DFC-A123-DA5E223191DA}"
EndProject
Project("{9A19103F-16F7-4668-BE54-9A1E7A4F7556}") = "R5T.T0156", "..\..\R5T.T0156\source\R5T.T0156\R5T.T0156.csproj", "{EB974837-8B16-4016-871F-C0A27B898478}"
EndProject
Project("{9A19103F-16F7-4668-BE54-9A1E7A4F7556}") = "R5T.T0221", "..\..\R5T.T0221\source\R5T.T0221\R5T.T0221.csproj", "{52C28D80-2528-4DDA-9BD9-82E66E2C10BF}"
EndProject
Project("{9A19103F-16F7-4668-BE54-9A1E7A4F7556}") = "R5T.X0005", "..\..\R5T.X0005\source\R5T.X0005\R5T.X0005.csproj", "{5427DF6D-BDE1-4838-855C-D15D1E2FE2F9}"
EndProject
Project("{9A19103F-16F7-4668-BE54-9A1E7A4F7556}") = "R5T.X0009", "..\..\R5T.X0009\source\R5T.X0009\R5T.X0009.csproj", "{61A5812D-19DE-4E6B-AF38-8D5D2F7F3E4A}"
EndProject
Project("{9A19103F-16F7-4668-BE54-9A1E7A4F7556}") = "R5T.Y0000", "..\..\R5T.Y0000\source\R5T.Y0000\R5T.Y0000.csproj", "{5DA17423-1AED-4248-8DAA-7D5B9B808484}"
EndProject
Project("{9A19103F-16F7-4668-BE54-9A1E7A4F7556}") = "R5T.Y0006", "..\..\R5T.Y0006\source\R5T.Y0006\R5T.Y0006.csproj", "{E8F0BC57-28BC-493A-83AF-1C1553D5FDCE}"
EndProject
Project("{9A19103F-16F7-4668-BE54-9A1E7A4F7556}") = "R5T.Z0000", "..\..\R5T.Z0000\source\R5T.Z0000\R5T.Z0000.csproj", "{5D025E3C-0BC4-4EBA-B877-4A913DD57E8E}"
EndProject
Project("{9A19103F-16F7-4668-BE54-9A1E7A4F7556}") = "R5T.Z0002", "..\..\R5T.Z0002\source\R5T.Z0002\R5T.Z0002.csproj", "{A69537CA-C27F-4585-84CE-5DADFBA97568}"
EndProject
Project("{9A19103F-16F7-4668-BE54-9A1E7A4F7556}") = "R5T.Z0010.Platform", "..\..\R5T.Z0010\source\R5T.Z0010.Platform\R5T.Z0010.Platform.csproj", "{FDEC56A7-02FB-4FAC-B4DD-FF1EB2723BE1}"
EndProject
Global
	GlobalSection(NestedProjects) = preSolution
		{755D0194-80F9-4D20-BE64-2BA7228E3F10} = {1B538132-E782-42FF-BC73-04DB9E9CFA8E}
		{E0CD6113-2D20-4B04-8CE1-7FE0E24EBC75} = {1B538132-E782-42FF-BC73-04DB9E9CFA8E}
		{A4278A28-CEEA-4325-AE92-69BDED66B880} = {1B538132-E782-42FF-BC73-04DB9E9CFA8E}
		{3BF36F74-746C-4125-B17A-4DB02619DA00} = {1B538132-E782-42FF-BC73-04DB9E9CFA8E}
		{C7111E6F-20F0-4027-816E-B3F63AF1226F} = {1B538132-E782-42FF-BC73-04DB9E9CFA8E}
		{83C9E5BE-4EB1-46BE-A6F6-337B5DAFC819} = {1B538132-E782-42FF-BC73-04DB9E9CFA8E}
		{F3A4163E-A9E1-49E0-AE33-8218CA5D9D0F} = {1B538132-E782-42FF-BC73-04DB9E9CFA8E}
		{DDAD8151-07C9-4F7D-BE0F-2654E5935FD3} = {1B538132-E782-42FF-BC73-04DB9E9CFA8E}
		{DBD629F7-DDBC-465D-BFC7-7F2618B3A8DB} = {1B538132-E782-42FF-BC73-04DB9E9CFA8E}
		{07B600CF-AB0B-410A-87DF-3A1CE540D7EE} = {1B538132-E782-42FF-BC73-04DB9E9CFA8E}
		{E7F5B592-9E4E-4A45-B658-21FDA2B1806B} = {1B538132-E782-42FF-BC73-04DB9E9CFA8E}
		{F2E2BD02-A8FC-4135-9AB6-2D784C532D90} = {1B538132-E782-42FF-BC73-04DB9E9CFA8E}
		{DAED383C-C657-44A9-824C-66FA07A3EEA6} = {1B538132-E782-42FF-BC73-04DB9E9CFA8E}
		{D5BAF1F5-E7F8-4554-98B5-59B896EB10D6} = {1B538132-E782-42FF-BC73-04DB9E9CFA8E}
		{2902D7CE-6573-4FE6-B70F-B590C5014A05} = {1B538132-E782-42FF-BC73-04DB9E9CFA8E}
		{E9B48512-CCE1-468A-9969-6303D2AD1344} = {1B538132-E782-42FF-BC73-04DB9E9CFA8E}
		{7044B902-D35E-41C8-9CC9-B148C6A30204} = {1B538132-E782-42FF-BC73-04DB9E9CFA8E}
		{5ABCACB1-CD39-4D42-93F7-26E927818BB8} = {1B538132-E782-42FF-BC73-04DB9E9CFA8E}
		{27353E78-9039-4789-BF54-01C6BB97AD9A} = {1B538132-E782-42FF-BC73-04DB9E9CFA8E}
		{C4AE546D-1CE8-47D3-85C0-30D17FCA92C8} = {1B538132-E782-42FF-BC73-04DB9E9CFA8E}
		{4C4BDF96-A71C-4DFC-A123-DA5E223191DA} = {1B538132-E782-42FF-BC73-04DB9E9CFA8E}
		{EB974837-8B16-4016-871F-C0A27B898478} = {1B538132-E782-42FF-BC73-04DB9E9CFA8E}
		{52C28D80-2528-4DDA-9BD9-82E66E2C10BF} = {1B538132-E782-42FF-BC73-04DB9E9CFA8E}
		{5427DF6D-BDE1-4838-855C-D15D1E2FE2F9} = {1B538132-E782-42FF-BC73-04DB9E9CFA8E}
		{61A5812D-19DE-4E6B-AF38-8D5D2F7F3E4A} = {1B538132-E782-42FF-BC73-04DB9E9CFA8E}
		{5DA17423-1AED-4248-8DAA-7D5B9B808484} = {1B538132-E782-42FF-BC73-04DB9E9CFA8E}
		{E8F0BC57-28BC-493A-83AF-1C1553D5FDCE} = {1B538132-E782-42FF-BC73-04DB9E9CFA8E}
		{5D025E3C-0BC4-4EBA-B877-4A913DD57E8E} = {1B538132-E782-42FF-BC73-04DB9E9CFA8E}
		{A69537CA-C27F-4585-84CE-5DADFBA97568} = {1B538132-E782-42FF-BC73-04DB9E9CFA8E}
		{FDEC56A7-02FB-4FAC-B4DD-FF1EB2723BE1} = {1B538132-E782-42FF-BC73-04DB9E9CFA8E}
	EndGlobalSection
	GlobalSection(SolutionConfigurationPlatforms) = preSolution
		Debug|Any CPU = Debug|Any CPU
		Debug|x64 = Debug|x64
		Debug|x86 = Debug|x86
		Release|Any CPU = Release|Any CPU
		Release|x64 = Release|x64
		Release|x86 = Release|x86
	EndGlobalSection
	GlobalSection(ProjectConfigurationPlatforms) = postSolution
		{20A5BF47-50FE-4C3B-A361-90C4676E7246}.Debug|Any CPU.ActiveCfg = Debug|Any CPU
		{20A5BF47-50FE-4C3B-A361-90C4676E7246}.Debug|Any CPU.Build.0 = Debug|Any CPU
		{20A5BF47-50FE-4C3B-A361-90C4676E7246}.Debug|x64.ActiveCfg = Debug|Any CPU
		{20A5BF47-50FE-4C3B-A361-90C4676E7246}.Debug|x64.Build.0 = Debug|Any CPU
		{20A5BF47-50FE-4C3B-A361-90C4676E7246}.Debug|x86.ActiveCfg = Debug|Any CPU
		{20A5BF47-50FE-4C3B-A361-90C4676E7246}.Debug|x86.Build.0 = Debug|Any CPU
		{20A5BF47-50FE-4C3B-A361-90C4676E7246}.Release|Any CPU.ActiveCfg = Release|Any CPU
		{20A5BF47-50FE-4C3B-A361-90C4676E7246}.Release|Any CPU.Build.0 = Release|Any CPU
		{20A5BF47-50FE-4C3B-A361-90C4676E7246}.Release|x64.ActiveCfg = Release|Any CPU
		{20A5BF47-50FE-4C3B-A361-90C4676E7246}.Release|x64.Build.0 = Release|Any CPU
		{20A5BF47-50FE-4C3B-A361-90C4676E7246}.Release|x86.ActiveCfg = Release|Any CPU
		{20A5BF47-50FE-4C3B-A361-90C4676E7246}.Release|x86.Build.0 = Release|Any CPU
		{0C601726-8BD6-4169-B66F-BB5E028EFDEB}.Debug|Any CPU.ActiveCfg = Debug|Any CPU
		{0C601726-8BD6-4169-B66F-BB5E028EFDEB}.Debug|Any CPU.Build.0 = Debug|Any CPU
		{0C601726-8BD6-4169-B66F-BB5E028EFDEB}.Debug|x64.ActiveCfg = Debug|Any CPU
		{0C601726-8BD6-4169-B66F-BB5E028EFDEB}.Debug|x64.Build.0 = Debug|Any CPU
		{0C601726-8BD6-4169-B66F-BB5E028EFDEB}.Debug|x86.ActiveCfg = Debug|Any CPU
		{0C601726-8BD6-4169-B66F-BB5E028EFDEB}.Debug|x86.Build.0 = Debug|Any CPU
		{0C601726-8BD6-4169-B66F-BB5E028EFDEB}.Release|Any CPU.ActiveCfg = Release|Any CPU
		{0C601726-8BD6-4169-B66F-BB5E028EFDEB}.Release|Any CPU.Build.0 = Release|Any CPU
		{0C601726-8BD6-4169-B66F-BB5E028EFDEB}.Release|x64.ActiveCfg = Release|Any CPU
		{0C601726-8BD6-4169-B66F-BB5E028EFDEB}.Release|x64.Build.0 = Release|Any CPU
		{0C601726-8BD6-4169-B66F-BB5E028EFDEB}.Release|x86.ActiveCfg = Release|Any CPU
		{0C601726-8BD6-4169-B66F-BB5E028EFDEB}.Release|x86.Build.0 = Release|Any CPU
		{755D0194-80F9-4D20-BE64-2BA7228E3F10}.Debug|Any CPU.ActiveCfg = Debug|Any CPU
		{755D0194-80F9-4D20-BE64-2BA7228E3F10}.Debug|Any CPU.Build.0 = Debug|Any CPU
		{755D0194-80F9-4D20-BE64-2BA7228E3F10}.Debug|x64.ActiveCfg = Debug|Any CPU
		{755D0194-80F9-4D20-BE64-2BA7228E3F10}.Debug|x64.Build.0 = Debug|Any CPU
		{755D0194-80F9-4D20-BE64-2BA7228E3F10}.Debug|x86.ActiveCfg = Debug|Any CPU
		{755D0194-80F9-4D20-BE64-2BA7228E3F10}.Debug|x86.Build.0 = Debug|Any CPU
		{755D0194-80F9-4D20-BE64-2BA7228E3F10}.Release|Any CPU.ActiveCfg = Release|Any CPU
		{755D0194-80F9-4D20-BE64-2BA7228E3F10}.Release|Any CPU.Build.0 = Release|Any CPU
		{755D0194-80F9-4D20-BE64-2BA7228E3F10}.Release|x64.ActiveCfg = Release|Any CPU
		{755D0194-80F9-4D20-BE64-2BA7228E3F10}.Release|x64.Build.0 = Release|Any CPU
		{755D0194-80F9-4D20-BE64-2BA7228E3F10}.Release|x86.ActiveCfg = Release|Any CPU
		{755D0194-80F9-4D20-BE64-2BA7228E3F10}.Release|x86.Build.0 = Release|Any CPU
		{E0CD6113-2D20-4B04-8CE1-7FE0E24EBC75}.Debug|Any CPU.ActiveCfg = Debug|Any CPU
		{E0CD6113-2D20-4B04-8CE1-7FE0E24EBC75}.Debug|Any CPU.Build.0 = Debug|Any CPU
		{E0CD6113-2D20-4B04-8CE1-7FE0E24EBC75}.Debug|x64.ActiveCfg = Debug|Any CPU
		{E0CD6113-2D20-4B04-8CE1-7FE0E24EBC75}.Debug|x64.Build.0 = Debug|Any CPU
		{E0CD6113-2D20-4B04-8CE1-7FE0E24EBC75}.Debug|x86.ActiveCfg = Debug|Any CPU
		{E0CD6113-2D20-4B04-8CE1-7FE0E24EBC75}.Debug|x86.Build.0 = Debug|Any CPU
		{E0CD6113-2D20-4B04-8CE1-7FE0E24EBC75}.Release|Any CPU.ActiveCfg = Release|Any CPU
		{E0CD6113-2D20-4B04-8CE1-7FE0E24EBC75}.Release|Any CPU.Build.0 = Release|Any CPU
		{E0CD6113-2D20-4B04-8CE1-7FE0E24EBC75}.Release|x64.ActiveCfg = Release|Any CPU
		{E0CD6113-2D20-4B04-8CE1-7FE0E24EBC75}.Release|x64.Build.0 = Release|Any CPU
		{E0CD6113-2D20-4B04-8CE1-7FE0E24EBC75}.Release|x86.ActiveCfg = Release|Any CPU
		{E0CD6113-2D20-4B04-8CE1-7FE0E24EBC75}.Release|x86.Build.0 = Release|Any CPU
		{A4278A28-CEEA-4325-AE92-69BDED66B880}.Debug|Any CPU.ActiveCfg = Debug|Any CPU
		{A4278A28-CEEA-4325-AE92-69BDED66B880}.Debug|Any CPU.Build.0 = Debug|Any CPU
		{A4278A28-CEEA-4325-AE92-69BDED66B880}.Debug|x64.ActiveCfg = Debug|Any CPU
		{A4278A28-CEEA-4325-AE92-69BDED66B880}.Debug|x64.Build.0 = Debug|Any CPU
		{A4278A28-CEEA-4325-AE92-69BDED66B880}.Debug|x86.ActiveCfg = Debug|Any CPU
		{A4278A28-CEEA-4325-AE92-69BDED66B880}.Debug|x86.Build.0 = Debug|Any CPU
		{A4278A28-CEEA-4325-AE92-69BDED66B880}.Release|Any CPU.ActiveCfg = Release|Any CPU
		{A4278A28-CEEA-4325-AE92-69BDED66B880}.Release|Any CPU.Build.0 = Release|Any CPU
		{A4278A28-CEEA-4325-AE92-69BDED66B880}.Release|x64.ActiveCfg = Release|Any CPU
		{A4278A28-CEEA-4325-AE92-69BDED66B880}.Release|x64.Build.0 = Release|Any CPU
		{A4278A28-CEEA-4325-AE92-69BDED66B880}.Release|x86.ActiveCfg = Release|Any CPU
		{A4278A28-CEEA-4325-AE92-69BDED66B880}.Release|x86.Build.0 = Release|Any CPU
		{3BF36F74-746C-4125-B17A-4DB02619DA00}.Debug|Any CPU.ActiveCfg = Debug|Any CPU
		{3BF36F74-746C-4125-B17A-4DB02619DA00}.Debug|Any CPU.Build.0 = Debug|Any CPU
		{3BF36F74-746C-4125-B17A-4DB02619DA00}.Debug|x64.ActiveCfg = Debug|Any CPU
		{3BF36F74-746C-4125-B17A-4DB02619DA00}.Debug|x64.Build.0 = Debug|Any CPU
		{3BF36F74-746C-4125-B17A-4DB02619DA00}.Debug|x86.ActiveCfg = Debug|Any CPU
		{3BF36F74-746C-4125-B17A-4DB02619DA00}.Debug|x86.Build.0 = Debug|Any CPU
		{3BF36F74-746C-4125-B17A-4DB02619DA00}.Release|Any CPU.ActiveCfg = Release|Any CPU
		{3BF36F74-746C-4125-B17A-4DB02619DA00}.Release|Any CPU.Build.0 = Release|Any CPU
		{3BF36F74-746C-4125-B17A-4DB02619DA00}.Release|x64.ActiveCfg = Release|Any CPU
		{3BF36F74-746C-4125-B17A-4DB02619DA00}.Release|x64.Build.0 = Release|Any CPU
		{3BF36F74-746C-4125-B17A-4DB02619DA00}.Release|x86.ActiveCfg = Release|Any CPU
		{3BF36F74-746C-4125-B17A-4DB02619DA00}.Release|x86.Build.0 = Release|Any CPU
		{C7111E6F-20F0-4027-816E-B3F63AF1226F}.Debug|Any CPU.ActiveCfg = Debug|Any CPU
		{C7111E6F-20F0-4027-816E-B3F63AF1226F}.Debug|Any CPU.Build.0 = Debug|Any CPU
		{C7111E6F-20F0-4027-816E-B3F63AF1226F}.Debug|x64.ActiveCfg = Debug|Any CPU
		{C7111E6F-20F0-4027-816E-B3F63AF1226F}.Debug|x64.Build.0 = Debug|Any CPU
		{C7111E6F-20F0-4027-816E-B3F63AF1226F}.Debug|x86.ActiveCfg = Debug|Any CPU
		{C7111E6F-20F0-4027-816E-B3F63AF1226F}.Debug|x86.Build.0 = Debug|Any CPU
		{C7111E6F-20F0-4027-816E-B3F63AF1226F}.Release|Any CPU.ActiveCfg = Release|Any CPU
		{C7111E6F-20F0-4027-816E-B3F63AF1226F}.Release|Any CPU.Build.0 = Release|Any CPU
		{C7111E6F-20F0-4027-816E-B3F63AF1226F}.Release|x64.ActiveCfg = Release|Any CPU
		{C7111E6F-20F0-4027-816E-B3F63AF1226F}.Release|x64.Build.0 = Release|Any CPU
		{C7111E6F-20F0-4027-816E-B3F63AF1226F}.Release|x86.ActiveCfg = Release|Any CPU
		{C7111E6F-20F0-4027-816E-B3F63AF1226F}.Release|x86.Build.0 = Release|Any CPU
		{83C9E5BE-4EB1-46BE-A6F6-337B5DAFC819}.Debug|Any CPU.ActiveCfg = Debug|Any CPU
		{83C9E5BE-4EB1-46BE-A6F6-337B5DAFC819}.Debug|Any CPU.Build.0 = Debug|Any CPU
		{83C9E5BE-4EB1-46BE-A6F6-337B5DAFC819}.Debug|x64.ActiveCfg = Debug|Any CPU
		{83C9E5BE-4EB1-46BE-A6F6-337B5DAFC819}.Debug|x64.Build.0 = Debug|Any CPU
		{83C9E5BE-4EB1-46BE-A6F6-337B5DAFC819}.Debug|x86.ActiveCfg = Debug|Any CPU
		{83C9E5BE-4EB1-46BE-A6F6-337B5DAFC819}.Debug|x86.Build.0 = Debug|Any CPU
		{83C9E5BE-4EB1-46BE-A6F6-337B5DAFC819}.Release|Any CPU.ActiveCfg = Release|Any CPU
		{83C9E5BE-4EB1-46BE-A6F6-337B5DAFC819}.Release|Any CPU.Build.0 = Release|Any CPU
		{83C9E5BE-4EB1-46BE-A6F6-337B5DAFC819}.Release|x64.ActiveCfg = Release|Any CPU
		{83C9E5BE-4EB1-46BE-A6F6-337B5DAFC819}.Release|x64.Build.0 = Release|Any CPU
		{83C9E5BE-4EB1-46BE-A6F6-337B5DAFC819}.Release|x86.ActiveCfg = Release|Any CPU
		{83C9E5BE-4EB1-46BE-A6F6-337B5DAFC819}.Release|x86.Build.0 = Release|Any CPU
		{F3A4163E-A9E1-49E0-AE33-8218CA5D9D0F}.Debug|Any CPU.ActiveCfg = Debug|Any CPU
		{F3A4163E-A9E1-49E0-AE33-8218CA5D9D0F}.Debug|Any CPU.Build.0 = Debug|Any CPU
		{F3A4163E-A9E1-49E0-AE33-8218CA5D9D0F}.Debug|x64.ActiveCfg = Debug|Any CPU
		{F3A4163E-A9E1-49E0-AE33-8218CA5D9D0F}.Debug|x64.Build.0 = Debug|Any CPU
		{F3A4163E-A9E1-49E0-AE33-8218CA5D9D0F}.Debug|x86.ActiveCfg = Debug|Any CPU
		{F3A4163E-A9E1-49E0-AE33-8218CA5D9D0F}.Debug|x86.Build.0 = Debug|Any CPU
		{F3A4163E-A9E1-49E0-AE33-8218CA5D9D0F}.Release|Any CPU.ActiveCfg = Release|Any CPU
		{F3A4163E-A9E1-49E0-AE33-8218CA5D9D0F}.Release|Any CPU.Build.0 = Release|Any CPU
		{F3A4163E-A9E1-49E0-AE33-8218CA5D9D0F}.Release|x64.ActiveCfg = Release|Any CPU
		{F3A4163E-A9E1-49E0-AE33-8218CA5D9D0F}.Release|x64.Build.0 = Release|Any CPU
		{F3A4163E-A9E1-49E0-AE33-8218CA5D9D0F}.Release|x86.ActiveCfg = Release|Any CPU
		{F3A4163E-A9E1-49E0-AE33-8218CA5D9D0F}.Release|x86.Build.0 = Release|Any CPU
		{DDAD8151-07C9-4F7D-BE0F-2654E5935FD3}.Debug|Any CPU.ActiveCfg = Debug|Any CPU
		{DDAD8151-07C9-4F7D-BE0F-2654E5935FD3}.Debug|Any CPU.Build.0 = Debug|Any CPU
		{DDAD8151-07C9-4F7D-BE0F-2654E5935FD3}.Debug|x64.ActiveCfg = Debug|Any CPU
		{DDAD8151-07C9-4F7D-BE0F-2654E5935FD3}.Debug|x64.Build.0 = Debug|Any CPU
		{DDAD8151-07C9-4F7D-BE0F-2654E5935FD3}.Debug|x86.ActiveCfg = Debug|Any CPU
		{DDAD8151-07C9-4F7D-BE0F-2654E5935FD3}.Debug|x86.Build.0 = Debug|Any CPU
		{DDAD8151-07C9-4F7D-BE0F-2654E5935FD3}.Release|Any CPU.ActiveCfg = Release|Any CPU
		{DDAD8151-07C9-4F7D-BE0F-2654E5935FD3}.Release|Any CPU.Build.0 = Release|Any CPU
		{DDAD8151-07C9-4F7D-BE0F-2654E5935FD3}.Release|x64.ActiveCfg = Release|Any CPU
		{DDAD8151-07C9-4F7D-BE0F-2654E5935FD3}.Release|x64.Build.0 = Release|Any CPU
		{DDAD8151-07C9-4F7D-BE0F-2654E5935FD3}.Release|x86.ActiveCfg = Release|Any CPU
		{DDAD8151-07C9-4F7D-BE0F-2654E5935FD3}.Release|x86.Build.0 = Release|Any CPU
		{DBD629F7-DDBC-465D-BFC7-7F2618B3A8DB}.Debug|Any CPU.ActiveCfg = Debug|Any CPU
		{DBD629F7-DDBC-465D-BFC7-7F2618B3A8DB}.Debug|Any CPU.Build.0 = Debug|Any CPU
		{DBD629F7-DDBC-465D-BFC7-7F2618B3A8DB}.Debug|x64.ActiveCfg = Debug|Any CPU
		{DBD629F7-DDBC-465D-BFC7-7F2618B3A8DB}.Debug|x64.Build.0 = Debug|Any CPU
		{DBD629F7-DDBC-465D-BFC7-7F2618B3A8DB}.Debug|x86.ActiveCfg = Debug|Any CPU
		{DBD629F7-DDBC-465D-BFC7-7F2618B3A8DB}.Debug|x86.Build.0 = Debug|Any CPU
		{DBD629F7-DDBC-465D-BFC7-7F2618B3A8DB}.Release|Any CPU.ActiveCfg = Release|Any CPU
		{DBD629F7-DDBC-465D-BFC7-7F2618B3A8DB}.Release|Any CPU.Build.0 = Release|Any CPU
		{DBD629F7-DDBC-465D-BFC7-7F2618B3A8DB}.Release|x64.ActiveCfg = Release|Any CPU
		{DBD629F7-DDBC-465D-BFC7-7F2618B3A8DB}.Release|x64.Build.0 = Release|Any CPU
		{DBD629F7-DDBC-465D-BFC7-7F2618B3A8DB}.Release|x86.ActiveCfg = Release|Any CPU
		{DBD629F7-DDBC-465D-BFC7-7F2618B3A8DB}.Release|x86.Build.0 = Release|Any CPU
		{07B600CF-AB0B-410A-87DF-3A1CE540D7EE}.Debug|Any CPU.ActiveCfg = Debug|Any CPU
		{07B600CF-AB0B-410A-87DF-3A1CE540D7EE}.Debug|Any CPU.Build.0 = Debug|Any CPU
		{07B600CF-AB0B-410A-87DF-3A1CE540D7EE}.Debug|x64.ActiveCfg = Debug|Any CPU
		{07B600CF-AB0B-410A-87DF-3A1CE540D7EE}.Debug|x64.Build.0 = Debug|Any CPU
		{07B600CF-AB0B-410A-87DF-3A1CE540D7EE}.Debug|x86.ActiveCfg = Debug|Any CPU
		{07B600CF-AB0B-410A-87DF-3A1CE540D7EE}.Debug|x86.Build.0 = Debug|Any CPU
		{07B600CF-AB0B-410A-87DF-3A1CE540D7EE}.Release|Any CPU.ActiveCfg = Release|Any CPU
		{07B600CF-AB0B-410A-87DF-3A1CE540D7EE}.Release|Any CPU.Build.0 = Release|Any CPU
		{07B600CF-AB0B-410A-87DF-3A1CE540D7EE}.Release|x64.ActiveCfg = Release|Any CPU
		{07B600CF-AB0B-410A-87DF-3A1CE540D7EE}.Release|x64.Build.0 = Release|Any CPU
		{07B600CF-AB0B-410A-87DF-3A1CE540D7EE}.Release|x86.ActiveCfg = Release|Any CPU
		{07B600CF-AB0B-410A-87DF-3A1CE540D7EE}.Release|x86.Build.0 = Release|Any CPU
		{E7F5B592-9E4E-4A45-B658-21FDA2B1806B}.Debug|Any CPU.ActiveCfg = Debug|Any CPU
		{E7F5B592-9E4E-4A45-B658-21FDA2B1806B}.Debug|Any CPU.Build.0 = Debug|Any CPU
		{E7F5B592-9E4E-4A45-B658-21FDA2B1806B}.Debug|x64.ActiveCfg = Debug|Any CPU
		{E7F5B592-9E4E-4A45-B658-21FDA2B1806B}.Debug|x64.Build.0 = Debug|Any CPU
		{E7F5B592-9E4E-4A45-B658-21FDA2B1806B}.Debug|x86.ActiveCfg = Debug|Any CPU
		{E7F5B592-9E4E-4A45-B658-21FDA2B1806B}.Debug|x86.Build.0 = Debug|Any CPU
		{E7F5B592-9E4E-4A45-B658-21FDA2B1806B}.Release|Any CPU.ActiveCfg = Release|Any CPU
		{E7F5B592-9E4E-4A45-B658-21FDA2B1806B}.Release|Any CPU.Build.0 = Release|Any CPU
		{E7F5B592-9E4E-4A45-B658-21FDA2B1806B}.Release|x64.ActiveCfg = Release|Any CPU
		{E7F5B592-9E4E-4A45-B658-21FDA2B1806B}.Release|x64.Build.0 = Release|Any CPU
		{E7F5B592-9E4E-4A45-B658-21FDA2B1806B}.Release|x86.ActiveCfg = Release|Any CPU
		{E7F5B592-9E4E-4A45-B658-21FDA2B1806B}.Release|x86.Build.0 = Release|Any CPU
		{F2E2BD02-A8FC-4135-9AB6-2D784C532D90}.Debug|Any CPU.ActiveCfg = Debug|Any CPU
		{F2E2BD02-A8FC-4135-9AB6-2D784C532D90}.Debug|Any CPU.Build.0 = Debug|Any CPU
		{F2E2BD02-A8FC-4135-9AB6-2D784C532D90}.Debug|x64.ActiveCfg = Debug|Any CPU
		{F2E2BD02-A8FC-4135-9AB6-2D784C532D90}.Debug|x64.Build.0 = Debug|Any CPU
		{F2E2BD02-A8FC-4135-9AB6-2D784C532D90}.Debug|x86.ActiveCfg = Debug|Any CPU
		{F2E2BD02-A8FC-4135-9AB6-2D784C532D90}.Debug|x86.Build.0 = Debug|Any CPU
		{F2E2BD02-A8FC-4135-9AB6-2D784C532D90}.Release|Any CPU.ActiveCfg = Release|Any CPU
		{F2E2BD02-A8FC-4135-9AB6-2D784C532D90}.Release|Any CPU.Build.0 = Release|Any CPU
		{F2E2BD02-A8FC-4135-9AB6-2D784C532D90}.Release|x64.ActiveCfg = Release|Any CPU
		{F2E2BD02-A8FC-4135-9AB6-2D784C532D90}.Release|x64.Build.0 = Release|Any CPU
		{F2E2BD02-A8FC-4135-9AB6-2D784C532D90}.Release|x86.ActiveCfg = Release|Any CPU
		{F2E2BD02-A8FC-4135-9AB6-2D784C532D90}.Release|x86.Build.0 = Release|Any CPU
		{DAED383C-C657-44A9-824C-66FA07A3EEA6}.Debug|Any CPU.ActiveCfg = Debug|Any CPU
		{DAED383C-C657-44A9-824C-66FA07A3EEA6}.Debug|Any CPU.Build.0 = Debug|Any CPU
		{DAED383C-C657-44A9-824C-66FA07A3EEA6}.Debug|x64.ActiveCfg = Debug|Any CPU
		{DAED383C-C657-44A9-824C-66FA07A3EEA6}.Debug|x64.Build.0 = Debug|Any CPU
		{DAED383C-C657-44A9-824C-66FA07A3EEA6}.Debug|x86.ActiveCfg = Debug|Any CPU
		{DAED383C-C657-44A9-824C-66FA07A3EEA6}.Debug|x86.Build.0 = Debug|Any CPU
		{DAED383C-C657-44A9-824C-66FA07A3EEA6}.Release|Any CPU.ActiveCfg = Release|Any CPU
		{DAED383C-C657-44A9-824C-66FA07A3EEA6}.Release|Any CPU.Build.0 = Release|Any CPU
		{DAED383C-C657-44A9-824C-66FA07A3EEA6}.Release|x64.ActiveCfg = Release|Any CPU
		{DAED383C-C657-44A9-824C-66FA07A3EEA6}.Release|x64.Build.0 = Release|Any CPU
		{DAED383C-C657-44A9-824C-66FA07A3EEA6}.Release|x86.ActiveCfg = Release|Any CPU
		{DAED383C-C657-44A9-824C-66FA07A3EEA6}.Release|x86.Build.0 = Release|Any CPU
		{D5BAF1F5-E7F8-4554-98B5-59B896EB10D6}.Debug|Any CPU.ActiveCfg = Debug|Any CPU
		{D5BAF1F5-E7F8-4554-98B5-59B896EB10D6}.Debug|Any CPU.Build.0 = Debug|Any CPU
		{D5BAF1F5-E7F8-4554-98B5-59B896EB10D6}.Debug|x64.ActiveCfg = Debug|Any CPU
		{D5BAF1F5-E7F8-4554-98B5-59B896EB10D6}.Debug|x64.Build.0 = Debug|Any CPU
		{D5BAF1F5-E7F8-4554-98B5-59B896EB10D6}.Debug|x86.ActiveCfg = Debug|Any CPU
		{D5BAF1F5-E7F8-4554-98B5-59B896EB10D6}.Debug|x86.Build.0 = Debug|Any CPU
		{D5BAF1F5-E7F8-4554-98B5-59B896EB10D6}.Release|Any CPU.ActiveCfg = Release|Any CPU
		{D5BAF1F5-E7F8-4554-98B5-59B896EB10D6}.Release|Any CPU.Build.0 = Release|Any CPU
		{D5BAF1F5-E7F8-4554-98B5-59B896EB10D6}.Release|x64.ActiveCfg = Release|Any CPU
		{D5BAF1F5-E7F8-4554-98B5-59B896EB10D6}.Release|x64.Build.0 = Release|Any CPU
		{D5BAF1F5-E7F8-4554-98B5-59B896EB10D6}.Release|x86.ActiveCfg = Release|Any CPU
		{D5BAF1F5-E7F8-4554-98B5-59B896EB10D6}.Release|x86.Build.0 = Release|Any CPU
		{2902D7CE-6573-4FE6-B70F-B590C5014A05}.Debug|Any CPU.ActiveCfg = Debug|Any CPU
		{2902D7CE-6573-4FE6-B70F-B590C5014A05}.Debug|Any CPU.Build.0 = Debug|Any CPU
		{2902D7CE-6573-4FE6-B70F-B590C5014A05}.Debug|x64.ActiveCfg = Debug|Any CPU
		{2902D7CE-6573-4FE6-B70F-B590C5014A05}.Debug|x64.Build.0 = Debug|Any CPU
		{2902D7CE-6573-4FE6-B70F-B590C5014A05}.Debug|x86.ActiveCfg = Debug|Any CPU
		{2902D7CE-6573-4FE6-B70F-B590C5014A05}.Debug|x86.Build.0 = Debug|Any CPU
		{2902D7CE-6573-4FE6-B70F-B590C5014A05}.Release|Any CPU.ActiveCfg = Release|Any CPU
		{2902D7CE-6573-4FE6-B70F-B590C5014A05}.Release|Any CPU.Build.0 = Release|Any CPU
		{2902D7CE-6573-4FE6-B70F-B590C5014A05}.Release|x64.ActiveCfg = Release|Any CPU
		{2902D7CE-6573-4FE6-B70F-B590C5014A05}.Release|x64.Build.0 = Release|Any CPU
		{2902D7CE-6573-4FE6-B70F-B590C5014A05}.Release|x86.ActiveCfg = Release|Any CPU
		{2902D7CE-6573-4FE6-B70F-B590C5014A05}.Release|x86.Build.0 = Release|Any CPU
		{E9B48512-CCE1-468A-9969-6303D2AD1344}.Debug|Any CPU.ActiveCfg = Debug|Any CPU
		{E9B48512-CCE1-468A-9969-6303D2AD1344}.Debug|Any CPU.Build.0 = Debug|Any CPU
		{E9B48512-CCE1-468A-9969-6303D2AD1344}.Debug|x64.ActiveCfg = Debug|Any CPU
		{E9B48512-CCE1-468A-9969-6303D2AD1344}.Debug|x64.Build.0 = Debug|Any CPU
		{E9B48512-CCE1-468A-9969-6303D2AD1344}.Debug|x86.ActiveCfg = Debug|Any CPU
		{E9B48512-CCE1-468A-9969-6303D2AD1344}.Debug|x86.Build.0 = Debug|Any CPU
		{E9B48512-CCE1-468A-9969-6303D2AD1344}.Release|Any CPU.ActiveCfg = Release|Any CPU
		{E9B48512-CCE1-468A-9969-6303D2AD1344}.Release|Any CPU.Build.0 = Release|Any CPU
		{E9B48512-CCE1-468A-9969-6303D2AD1344}.Release|x64.ActiveCfg = Release|Any CPU
		{E9B48512-CCE1-468A-9969-6303D2AD1344}.Release|x64.Build.0 = Release|Any CPU
		{E9B48512-CCE1-468A-9969-6303D2AD1344}.Release|x86.ActiveCfg = Release|Any CPU
		{E9B48512-CCE1-468A-9969-6303D2AD1344}.Release|x86.Build.0 = Release|Any CPU
		{7044B902-D35E-41C8-9CC9-B148C6A30204}.Debug|Any CPU.ActiveCfg = Debug|Any CPU
		{7044B902-D35E-41C8-9CC9-B148C6A30204}.Debug|Any CPU.Build.0 = Debug|Any CPU
		{7044B902-D35E-41C8-9CC9-B148C6A30204}.Debug|x64.ActiveCfg = Debug|Any CPU
		{7044B902-D35E-41C8-9CC9-B148C6A30204}.Debug|x64.Build.0 = Debug|Any CPU
		{7044B902-D35E-41C8-9CC9-B148C6A30204}.Debug|x86.ActiveCfg = Debug|Any CPU
		{7044B902-D35E-41C8-9CC9-B148C6A30204}.Debug|x86.Build.0 = Debug|Any CPU
		{7044B902-D35E-41C8-9CC9-B148C6A30204}.Release|Any CPU.ActiveCfg = Release|Any CPU
		{7044B902-D35E-41C8-9CC9-B148C6A30204}.Release|Any CPU.Build.0 = Release|Any CPU
		{7044B902-D35E-41C8-9CC9-B148C6A30204}.Release|x64.ActiveCfg = Release|Any CPU
		{7044B902-D35E-41C8-9CC9-B148C6A30204}.Release|x64.Build.0 = Release|Any CPU
		{7044B902-D35E-41C8-9CC9-B148C6A30204}.Release|x86.ActiveCfg = Release|Any CPU
		{7044B902-D35E-41C8-9CC9-B148C6A30204}.Release|x86.Build.0 = Release|Any CPU
		{5ABCACB1-CD39-4D42-93F7-26E927818BB8}.Debug|Any CPU.ActiveCfg = Debug|Any CPU
		{5ABCACB1-CD39-4D42-93F7-26E927818BB8}.Debug|Any CPU.Build.0 = Debug|Any CPU
		{5ABCACB1-CD39-4D42-93F7-26E927818BB8}.Debug|x64.ActiveCfg = Debug|Any CPU
		{5ABCACB1-CD39-4D42-93F7-26E927818BB8}.Debug|x64.Build.0 = Debug|Any CPU
		{5ABCACB1-CD39-4D42-93F7-26E927818BB8}.Debug|x86.ActiveCfg = Debug|Any CPU
		{5ABCACB1-CD39-4D42-93F7-26E927818BB8}.Debug|x86.Build.0 = Debug|Any CPU
		{5ABCACB1-CD39-4D42-93F7-26E927818BB8}.Release|Any CPU.ActiveCfg = Release|Any CPU
		{5ABCACB1-CD39-4D42-93F7-26E927818BB8}.Release|Any CPU.Build.0 = Release|Any CPU
		{5ABCACB1-CD39-4D42-93F7-26E927818BB8}.Release|x64.ActiveCfg = Release|Any CPU
		{5ABCACB1-CD39-4D42-93F7-26E927818BB8}.Release|x64.Build.0 = Release|Any CPU
		{5ABCACB1-CD39-4D42-93F7-26E927818BB8}.Release|x86.ActiveCfg = Release|Any CPU
		{5ABCACB1-CD39-4D42-93F7-26E927818BB8}.Release|x86.Build.0 = Release|Any CPU
		{27353E78-9039-4789-BF54-01C6BB97AD9A}.Debug|Any CPU.ActiveCfg = Debug|Any CPU
		{27353E78-9039-4789-BF54-01C6BB97AD9A}.Debug|Any CPU.Build.0 = Debug|Any CPU
		{27353E78-9039-4789-BF54-01C6BB97AD9A}.Debug|x64.ActiveCfg = Debug|Any CPU
		{27353E78-9039-4789-BF54-01C6BB97AD9A}.Debug|x64.Build.0 = Debug|Any CPU
		{27353E78-9039-4789-BF54-01C6BB97AD9A}.Debug|x86.ActiveCfg = Debug|Any CPU
		{27353E78-9039-4789-BF54-01C6BB97AD9A}.Debug|x86.Build.0 = Debug|Any CPU
		{27353E78-9039-4789-BF54-01C6BB97AD9A}.Release|Any CPU.ActiveCfg = Release|Any CPU
		{27353E78-9039-4789-BF54-01C6BB97AD9A}.Release|Any CPU.Build.0 = Release|Any CPU
		{27353E78-9039-4789-BF54-01C6BB97AD9A}.Release|x64.ActiveCfg = Release|Any CPU
		{27353E78-9039-4789-BF54-01C6BB97AD9A}.Release|x64.Build.0 = Release|Any CPU
		{27353E78-9039-4789-BF54-01C6BB97AD9A}.Release|x86.ActiveCfg = Release|Any CPU
		{27353E78-9039-4789-BF54-01C6BB97AD9A}.Release|x86.Build.0 = Release|Any CPU
		{C4AE546D-1CE8-47D3-85C0-30D17FCA92C8}.Debug|Any CPU.ActiveCfg = Debug|Any CPU
		{C4AE546D-1CE8-47D3-85C0-30D17FCA92C8}.Debug|Any CPU.Build.0 = Debug|Any CPU
		{C4AE546D-1CE8-47D3-85C0-30D17FCA92C8}.Debug|x64.ActiveCfg = Debug|Any CPU
		{C4AE546D-1CE8-47D3-85C0-30D17FCA92C8}.Debug|x64.Build.0 = Debug|Any CPU
		{C4AE546D-1CE8-47D3-85C0-30D17FCA92C8}.Debug|x86.ActiveCfg = Debug|Any CPU
		{C4AE546D-1CE8-47D3-85C0-30D17FCA92C8}.Debug|x86.Build.0 = Debug|Any CPU
		{C4AE546D-1CE8-47D3-85C0-30D17FCA92C8}.Release|Any CPU.ActiveCfg = Release|Any CPU
		{C4AE546D-1CE8-47D3-85C0-30D17FCA92C8}.Release|Any CPU.Build.0 = Release|Any CPU
		{C4AE546D-1CE8-47D3-85C0-30D17FCA92C8}.Release|x64.ActiveCfg = Release|Any CPU
		{C4AE546D-1CE8-47D3-85C0-30D17FCA92C8}.Release|x64.Build.0 = Release|Any CPU
		{C4AE546D-1CE8-47D3-85C0-30D17FCA92C8}.Release|x86.ActiveCfg = Release|Any CPU
		{C4AE546D-1CE8-47D3-85C0-30D17FCA92C8}.Release|x86.Build.0 = Release|Any CPU
		{4C4BDF96-A71C-4DFC-A123-DA5E223191DA}.Debug|Any CPU.ActiveCfg = Debug|Any CPU
		{4C4BDF96-A71C-4DFC-A123-DA5E223191DA}.Debug|Any CPU.Build.0 = Debug|Any CPU
		{4C4BDF96-A71C-4DFC-A123-DA5E223191DA}.Debug|x64.ActiveCfg = Debug|Any CPU
		{4C4BDF96-A71C-4DFC-A123-DA5E223191DA}.Debug|x64.Build.0 = Debug|Any CPU
		{4C4BDF96-A71C-4DFC-A123-DA5E223191DA}.Debug|x86.ActiveCfg = Debug|Any CPU
		{4C4BDF96-A71C-4DFC-A123-DA5E223191DA}.Debug|x86.Build.0 = Debug|Any CPU
		{4C4BDF96-A71C-4DFC-A123-DA5E223191DA}.Release|Any CPU.ActiveCfg = Release|Any CPU
		{4C4BDF96-A71C-4DFC-A123-DA5E223191DA}.Release|Any CPU.Build.0 = Release|Any CPU
		{4C4BDF96-A71C-4DFC-A123-DA5E223191DA}.Release|x64.ActiveCfg = Release|Any CPU
		{4C4BDF96-A71C-4DFC-A123-DA5E223191DA}.Release|x64.Build.0 = Release|Any CPU
		{4C4BDF96-A71C-4DFC-A123-DA5E223191DA}.Release|x86.ActiveCfg = Release|Any CPU
		{4C4BDF96-A71C-4DFC-A123-DA5E223191DA}.Release|x86.Build.0 = Release|Any CPU
		{EB974837-8B16-4016-871F-C0A27B898478}.Debug|Any CPU.ActiveCfg = Debug|Any CPU
		{EB974837-8B16-4016-871F-C0A27B898478}.Debug|Any CPU.Build.0 = Debug|Any CPU
		{EB974837-8B16-4016-871F-C0A27B898478}.Debug|x64.ActiveCfg = Debug|Any CPU
		{EB974837-8B16-4016-871F-C0A27B898478}.Debug|x64.Build.0 = Debug|Any CPU
		{EB974837-8B16-4016-871F-C0A27B898478}.Debug|x86.ActiveCfg = Debug|Any CPU
		{EB974837-8B16-4016-871F-C0A27B898478}.Debug|x86.Build.0 = Debug|Any CPU
		{EB974837-8B16-4016-871F-C0A27B898478}.Release|Any CPU.ActiveCfg = Release|Any CPU
		{EB974837-8B16-4016-871F-C0A27B898478}.Release|Any CPU.Build.0 = Release|Any CPU
		{EB974837-8B16-4016-871F-C0A27B898478}.Release|x64.ActiveCfg = Release|Any CPU
		{EB974837-8B16-4016-871F-C0A27B898478}.Release|x64.Build.0 = Release|Any CPU
		{EB974837-8B16-4016-871F-C0A27B898478}.Release|x86.ActiveCfg = Release|Any CPU
		{EB974837-8B16-4016-871F-C0A27B898478}.Release|x86.Build.0 = Release|Any CPU
		{52C28D80-2528-4DDA-9BD9-82E66E2C10BF}.Debug|Any CPU.ActiveCfg = Debug|Any CPU
		{52C28D80-2528-4DDA-9BD9-82E66E2C10BF}.Debug|Any CPU.Build.0 = Debug|Any CPU
		{52C28D80-2528-4DDA-9BD9-82E66E2C10BF}.Debug|x64.ActiveCfg = Debug|Any CPU
		{52C28D80-2528-4DDA-9BD9-82E66E2C10BF}.Debug|x64.Build.0 = Debug|Any CPU
		{52C28D80-2528-4DDA-9BD9-82E66E2C10BF}.Debug|x86.ActiveCfg = Debug|Any CPU
		{52C28D80-2528-4DDA-9BD9-82E66E2C10BF}.Debug|x86.Build.0 = Debug|Any CPU
		{52C28D80-2528-4DDA-9BD9-82E66E2C10BF}.Release|Any CPU.ActiveCfg = Release|Any CPU
		{52C28D80-2528-4DDA-9BD9-82E66E2C10BF}.Release|Any CPU.Build.0 = Release|Any CPU
		{52C28D80-2528-4DDA-9BD9-82E66E2C10BF}.Release|x64.ActiveCfg = Release|Any CPU
		{52C28D80-2528-4DDA-9BD9-82E66E2C10BF}.Release|x64.Build.0 = Release|Any CPU
		{52C28D80-2528-4DDA-9BD9-82E66E2C10BF}.Release|x86.ActiveCfg = Release|Any CPU
		{52C28D80-2528-4DDA-9BD9-82E66E2C10BF}.Release|x86.Build.0 = Release|Any CPU
		{5427DF6D-BDE1-4838-855C-D15D1E2FE2F9}.Debug|Any CPU.ActiveCfg = Debug|Any CPU
		{5427DF6D-BDE1-4838-855C-D15D1E2FE2F9}.Debug|Any CPU.Build.0 = Debug|Any CPU
		{5427DF6D-BDE1-4838-855C-D15D1E2FE2F9}.Debug|x64.ActiveCfg = Debug|Any CPU
		{5427DF6D-BDE1-4838-855C-D15D1E2FE2F9}.Debug|x64.Build.0 = Debug|Any CPU
		{5427DF6D-BDE1-4838-855C-D15D1E2FE2F9}.Debug|x86.ActiveCfg = Debug|Any CPU
		{5427DF6D-BDE1-4838-855C-D15D1E2FE2F9}.Debug|x86.Build.0 = Debug|Any CPU
		{5427DF6D-BDE1-4838-855C-D15D1E2FE2F9}.Release|Any CPU.ActiveCfg = Release|Any CPU
		{5427DF6D-BDE1-4838-855C-D15D1E2FE2F9}.Release|Any CPU.Build.0 = Release|Any CPU
		{5427DF6D-BDE1-4838-855C-D15D1E2FE2F9}.Release|x64.ActiveCfg = Release|Any CPU
		{5427DF6D-BDE1-4838-855C-D15D1E2FE2F9}.Release|x64.Build.0 = Release|Any CPU
		{5427DF6D-BDE1-4838-855C-D15D1E2FE2F9}.Release|x86.ActiveCfg = Release|Any CPU
		{5427DF6D-BDE1-4838-855C-D15D1E2FE2F9}.Release|x86.Build.0 = Release|Any CPU
		{61A5812D-19DE-4E6B-AF38-8D5D2F7F3E4A}.Debug|Any CPU.ActiveCfg = Debug|Any CPU
		{61A5812D-19DE-4E6B-AF38-8D5D2F7F3E4A}.Debug|Any CPU.Build.0 = Debug|Any CPU
		{61A5812D-19DE-4E6B-AF38-8D5D2F7F3E4A}.Debug|x64.ActiveCfg = Debug|Any CPU
		{61A5812D-19DE-4E6B-AF38-8D5D2F7F3E4A}.Debug|x64.Build.0 = Debug|Any CPU
		{61A5812D-19DE-4E6B-AF38-8D5D2F7F3E4A}.Debug|x86.ActiveCfg = Debug|Any CPU
		{61A5812D-19DE-4E6B-AF38-8D5D2F7F3E4A}.Debug|x86.Build.0 = Debug|Any CPU
		{61A5812D-19DE-4E6B-AF38-8D5D2F7F3E4A}.Release|Any CPU.ActiveCfg = Release|Any CPU
		{61A5812D-19DE-4E6B-AF38-8D5D2F7F3E4A}.Release|Any CPU.Build.0 = Release|Any CPU
		{61A5812D-19DE-4E6B-AF38-8D5D2F7F3E4A}.Release|x64.ActiveCfg = Release|Any CPU
		{61A5812D-19DE-4E6B-AF38-8D5D2F7F3E4A}.Release|x64.Build.0 = Release|Any CPU
		{61A5812D-19DE-4E6B-AF38-8D5D2F7F3E4A}.Release|x86.ActiveCfg = Release|Any CPU
		{61A5812D-19DE-4E6B-AF38-8D5D2F7F3E4A}.Release|x86.Build.0 = Release|Any CPU
		{5DA17423-1AED-4248-8DAA-7D5B9B808484}.Debug|Any CPU.ActiveCfg = Debug|Any CPU
		{5DA17423-1AED-4248-8DAA-7D5B9B808484}.Debug|Any CPU.Build.0 = Debug|Any CPU
		{5DA17423-1AED-4248-8DAA-7D5B9B808484}.Debug|x64.ActiveCfg = Debug|Any CPU
		{5DA17423-1AED-4248-8DAA-7D5B9B808484}.Debug|x64.Build.0 = Debug|Any CPU
		{5DA17423-1AED-4248-8DAA-7D5B9B808484}.Debug|x86.ActiveCfg = Debug|Any CPU
		{5DA17423-1AED-4248-8DAA-7D5B9B808484}.Debug|x86.Build.0 = Debug|Any CPU
		{5DA17423-1AED-4248-8DAA-7D5B9B808484}.Release|Any CPU.ActiveCfg = Release|Any CPU
		{5DA17423-1AED-4248-8DAA-7D5B9B808484}.Release|Any CPU.Build.0 = Release|Any CPU
		{5DA17423-1AED-4248-8DAA-7D5B9B808484}.Release|x64.ActiveCfg = Release|Any CPU
		{5DA17423-1AED-4248-8DAA-7D5B9B808484}.Release|x64.Build.0 = Release|Any CPU
		{5DA17423-1AED-4248-8DAA-7D5B9B808484}.Release|x86.ActiveCfg = Release|Any CPU
		{5DA17423-1AED-4248-8DAA-7D5B9B808484}.Release|x86.Build.0 = Release|Any CPU
		{E8F0BC57-28BC-493A-83AF-1C1553D5FDCE}.Debug|Any CPU.ActiveCfg = Debug|Any CPU
		{E8F0BC57-28BC-493A-83AF-1C1553D5FDCE}.Debug|Any CPU.Build.0 = Debug|Any CPU
		{E8F0BC57-28BC-493A-83AF-1C1553D5FDCE}.Debug|x64.ActiveCfg = Debug|Any CPU
		{E8F0BC57-28BC-493A-83AF-1C1553D5FDCE}.Debug|x64.Build.0 = Debug|Any CPU
		{E8F0BC57-28BC-493A-83AF-1C1553D5FDCE}.Debug|x86.ActiveCfg = Debug|Any CPU
		{E8F0BC57-28BC-493A-83AF-1C1553D5FDCE}.Debug|x86.Build.0 = Debug|Any CPU
		{E8F0BC57-28BC-493A-83AF-1C1553D5FDCE}.Release|Any CPU.ActiveCfg = Release|Any CPU
		{E8F0BC57-28BC-493A-83AF-1C1553D5FDCE}.Release|Any CPU.Build.0 = Release|Any CPU
		{E8F0BC57-28BC-493A-83AF-1C1553D5FDCE}.Release|x64.ActiveCfg = Release|Any CPU
		{E8F0BC57-28BC-493A-83AF-1C1553D5FDCE}.Release|x64.Build.0 = Release|Any CPU
		{E8F0BC57-28BC-493A-83AF-1C1553D5FDCE}.Release|x86.ActiveCfg = Release|Any CPU
		{E8F0BC57-28BC-493A-83AF-1C1553D5FDCE}.Release|x86.Build.0 = Release|Any CPU
		{5D025E3C-0BC4-4EBA-B877-4A913DD57E8E}.Debug|Any CPU.ActiveCfg = Debug|Any CPU
		{5D025E3C-0BC4-4EBA-B877-4A913DD57E8E}.Debug|Any CPU.Build.0 = Debug|Any CPU
		{5D025E3C-0BC4-4EBA-B877-4A913DD57E8E}.Debug|x64.ActiveCfg = Debug|Any CPU
		{5D025E3C-0BC4-4EBA-B877-4A913DD57E8E}.Debug|x64.Build.0 = Debug|Any CPU
		{5D025E3C-0BC4-4EBA-B877-4A913DD57E8E}.Debug|x86.ActiveCfg = Debug|Any CPU
		{5D025E3C-0BC4-4EBA-B877-4A913DD57E8E}.Debug|x86.Build.0 = Debug|Any CPU
		{5D025E3C-0BC4-4EBA-B877-4A913DD57E8E}.Release|Any CPU.ActiveCfg = Release|Any CPU
		{5D025E3C-0BC4-4EBA-B877-4A913DD57E8E}.Release|Any CPU.Build.0 = Release|Any CPU
		{5D025E3C-0BC4-4EBA-B877-4A913DD57E8E}.Release|x64.ActiveCfg = Release|Any CPU
		{5D025E3C-0BC4-4EBA-B877-4A913DD57E8E}.Release|x64.Build.0 = Release|Any CPU
		{5D025E3C-0BC4-4EBA-B877-4A913DD57E8E}.Release|x86.ActiveCfg = Release|Any CPU
		{5D025E3C-0BC4-4EBA-B877-4A913DD57E8E}.Release|x86.Build.0 = Release|Any CPU
		{A69537CA-C27F-4585-84CE-5DADFBA97568}.Debug|Any CPU.ActiveCfg = Debug|Any CPU
		{A69537CA-C27F-4585-84CE-5DADFBA97568}.Debug|Any CPU.Build.0 = Debug|Any CPU
		{A69537CA-C27F-4585-84CE-5DADFBA97568}.Debug|x64.ActiveCfg = Debug|Any CPU
		{A69537CA-C27F-4585-84CE-5DADFBA97568}.Debug|x64.Build.0 = Debug|Any CPU
		{A69537CA-C27F-4585-84CE-5DADFBA97568}.Debug|x86.ActiveCfg = Debug|Any CPU
		{A69537CA-C27F-4585-84CE-5DADFBA97568}.Debug|x86.Build.0 = Debug|Any CPU
		{A69537CA-C27F-4585-84CE-5DADFBA97568}.Release|Any CPU.ActiveCfg = Release|Any CPU
		{A69537CA-C27F-4585-84CE-5DADFBA97568}.Release|Any CPU.Build.0 = Release|Any CPU
		{A69537CA-C27F-4585-84CE-5DADFBA97568}.Release|x64.ActiveCfg = Release|Any CPU
		{A69537CA-C27F-4585-84CE-5DADFBA97568}.Release|x64.Build.0 = Release|Any CPU
		{A69537CA-C27F-4585-84CE-5DADFBA97568}.Release|x86.ActiveCfg = Release|Any CPU
		{A69537CA-C27F-4585-84CE-5DADFBA97568}.Release|x86.Build.0 = Release|Any CPU
		{FDEC56A7-02FB-4FAC-B4DD-FF1EB2723BE1}.Debug|Any CPU.ActiveCfg = Debug|Any CPU
		{FDEC56A7-02FB-4FAC-B4DD-FF1EB2723BE1}.Debug|Any CPU.Build.0 = Debug|Any CPU
		{FDEC56A7-02FB-4FAC-B4DD-FF1EB2723BE1}.Debug|x64.ActiveCfg = Debug|Any CPU
		{FDEC56A7-02FB-4FAC-B4DD-FF1EB2723BE1}.Debug|x64.Build.0 = Debug|Any CPU
		{FDEC56A7-02FB-4FAC-B4DD-FF1EB2723BE1}.Debug|x86.ActiveCfg = Debug|Any CPU
		{FDEC56A7-02FB-4FAC-B4DD-FF1EB2723BE1}.Debug|x86.Build.0 = Debug|Any CPU
		{FDEC56A7-02FB-4FAC-B4DD-FF1EB2723BE1}.Release|Any CPU.ActiveCfg = Release|Any CPU
		{FDEC56A7-02FB-4FAC-B4DD-FF1EB2723BE1}.Release|Any CPU.Build.0 = Release|Any CPU
		{FDEC56A7-02FB-4FAC-B4DD-FF1EB2723BE1}.Release|x64.ActiveCfg = Release|Any CPU
		{FDEC56A7-02FB-4FAC-B4DD-FF1EB2723BE1}.Release|x64.Build.0 = Release|Any CPU
		{FDEC56A7-02FB-4FAC-B4DD-FF1EB2723BE1}.Release|x86.ActiveCfg = Release|Any CPU
		{FDEC56A7-02FB-4FAC-B4DD-FF1EB2723BE1}.Release|x86.Build.0 = Release|Any CPU
	EndGlobalSection
	GlobalSection(SolutionProperties) = preSolution
		HideSolutionNode = FALSE
	EndGlobalSection
EndGlobal
